// !$*UTF8*$!
{
	archiveVersion = 1;
	classes = {
	};
	objectVersion = 48;
	objects = {

/* Begin PBXBuildFile section */
		723E13CE1F4DBE8D00F57E13 /* libcrypto.a in Frameworks */ = {isa = PBXBuildFile; fileRef = 723E13CC1F4DBE8D00F57E13 /* libcrypto.a */; };
		723E13CF1F4DBE8D00F57E13 /* libssl.a in Frameworks */ = {isa = PBXBuildFile; fileRef = 723E13CD1F4DBE8D00F57E13 /* libssl.a */; };
		727887322105FBC6000BB4CD /* libpqTests.m in Sources */ = {isa = PBXBuildFile; fileRef = 727887312105FBC6000BB4CD /* libpqTests.m */; };
		727887342105FBC6000BB4CD /* libpq.framework in Frameworks */ = {isa = PBXBuildFile; fileRef = 7282B5A81F4DB8C4007AA006 /* libpq.framework */; };
		7282B5AD1F4DB8C4007AA006 /* libpq.h in Headers */ = {isa = PBXBuildFile; fileRef = 7282B5AB1F4DB8C4007AA006 /* libpq.h */; settings = {ATTRIBUTES = (Public, ); }; };
		7282B5B71F4DB8D5007AA006 /* libpq.h in Headers */ = {isa = PBXBuildFile; fileRef = 7282B5AB1F4DB8C4007AA006 /* libpq.h */; settings = {ATTRIBUTES = (Public, ); }; };
		72CCC7A624EFE8A30021F6EA /* PostgresDBClient.h in Headers */ = {isa = PBXBuildFile; fileRef = 72CCC7A424EFE8A30021F6EA /* PostgresDBClient.h */; settings = {ATTRIBUTES = (Public, ); }; };
		72CCC7A724EFE8A30021F6EA /* PostgresDBClient.h in Headers */ = {isa = PBXBuildFile; fileRef = 72CCC7A424EFE8A30021F6EA /* PostgresDBClient.h */; settings = {ATTRIBUTES = (Public, ); }; };
		72CCC7A824EFE8A30021F6EA /* PostgresDBClient.m in Sources */ = {isa = PBXBuildFile; fileRef = 72CCC7A524EFE8A30021F6EA /* PostgresDBClient.m */; };
		72CCC7A924EFE8A30021F6EA /* PostgresDBClient.m in Sources */ = {isa = PBXBuildFile; fileRef = 72CCC7A524EFE8A30021F6EA /* PostgresDBClient.m */; };
		72CCC7AC24EFE8C40021F6EA /* PostgresDBResultSet.h in Headers */ = {isa = PBXBuildFile; fileRef = 72CCC7AA24EFE8C40021F6EA /* PostgresDBResultSet.h */; settings = {ATTRIBUTES = (Public, ); }; };
		72CCC7AD24EFE8C40021F6EA /* PostgresDBResultSet.h in Headers */ = {isa = PBXBuildFile; fileRef = 72CCC7AA24EFE8C40021F6EA /* PostgresDBResultSet.h */; settings = {ATTRIBUTES = (Public, ); }; };
		72CCC7AE24EFE8C40021F6EA /* PostgresDBResultSet.m in Sources */ = {isa = PBXBuildFile; fileRef = 72CCC7AB24EFE8C40021F6EA /* PostgresDBResultSet.m */; };
		72CCC7AF24EFE8C40021F6EA /* PostgresDBResultSet.m in Sources */ = {isa = PBXBuildFile; fileRef = 72CCC7AB24EFE8C40021F6EA /* PostgresDBResultSet.m */; };
		72CCC7B124EFE8F30021F6EA /* PostgresDBResultSetPrivate.h in Headers */ = {isa = PBXBuildFile; fileRef = 72CCC7B024EFE8F30021F6EA /* PostgresDBResultSetPrivate.h */; };
		72CCC7B224EFE8F30021F6EA /* PostgresDBResultSetPrivate.h in Headers */ = {isa = PBXBuildFile; fileRef = 72CCC7B024EFE8F30021F6EA /* PostgresDBResultSetPrivate.h */; };
		845C92682105AF9B00FD6E63 /* encnames.c in Sources */ = {isa = PBXBuildFile; fileRef = 845C92212105AF9A00FD6E63 /* encnames.c */; };
		845C92692105AF9B00FD6E63 /* encnames.c in Sources */ = {isa = PBXBuildFile; fileRef = 845C92212105AF9A00FD6E63 /* encnames.c */; };
		845C926A2105AF9B00FD6E63 /* wchar.c in Sources */ = {isa = PBXBuildFile; fileRef = 845C92222105AF9A00FD6E63 /* wchar.c */; };
		845C926B2105AF9B00FD6E63 /* wchar.c in Sources */ = {isa = PBXBuildFile; fileRef = 845C92222105AF9A00FD6E63 /* wchar.c */; };
		845C926C2105AF9B00FD6E63 /* base64.c in Sources */ = {isa = PBXBuildFile; fileRef = 845C92242105AF9A00FD6E63 /* base64.c */; };
		845C926D2105AF9B00FD6E63 /* base64.c in Sources */ = {isa = PBXBuildFile; fileRef = 845C92242105AF9A00FD6E63 /* base64.c */; };
		845C926E2105AF9B00FD6E63 /* fe_memutils.c in Sources */ = {isa = PBXBuildFile; fileRef = 845C92252105AF9A00FD6E63 /* fe_memutils.c */; };
		845C926F2105AF9B00FD6E63 /* fe_memutils.c in Sources */ = {isa = PBXBuildFile; fileRef = 845C92252105AF9A00FD6E63 /* fe_memutils.c */; };
		845C92702105AF9B00FD6E63 /* ip.c in Sources */ = {isa = PBXBuildFile; fileRef = 845C92262105AF9A00FD6E63 /* ip.c */; };
		845C92712105AF9B00FD6E63 /* ip.c in Sources */ = {isa = PBXBuildFile; fileRef = 845C92262105AF9A00FD6E63 /* ip.c */; };
		845C92722105AF9B00FD6E63 /* md5.c in Sources */ = {isa = PBXBuildFile; fileRef = 845C92272105AF9A00FD6E63 /* md5.c */; };
		845C92732105AF9B00FD6E63 /* md5.c in Sources */ = {isa = PBXBuildFile; fileRef = 845C92272105AF9A00FD6E63 /* md5.c */; };
		845C92742105AF9B00FD6E63 /* saslprep.c in Sources */ = {isa = PBXBuildFile; fileRef = 845C92282105AF9A00FD6E63 /* saslprep.c */; };
		845C92752105AF9B00FD6E63 /* saslprep.c in Sources */ = {isa = PBXBuildFile; fileRef = 845C92282105AF9A00FD6E63 /* saslprep.c */; };
		845C92762105AF9B00FD6E63 /* scram-common.c in Sources */ = {isa = PBXBuildFile; fileRef = 845C92292105AF9A00FD6E63 /* scram-common.c */; };
		845C92772105AF9B00FD6E63 /* scram-common.c in Sources */ = {isa = PBXBuildFile; fileRef = 845C92292105AF9A00FD6E63 /* scram-common.c */; };
		845C927A2105AF9B00FD6E63 /* unicode_norm.c in Sources */ = {isa = PBXBuildFile; fileRef = 845C922B2105AF9A00FD6E63 /* unicode_norm.c */; };
		845C927B2105AF9B00FD6E63 /* unicode_norm.c in Sources */ = {isa = PBXBuildFile; fileRef = 845C922B2105AF9A00FD6E63 /* unicode_norm.c */; };
		845C927C2105AF9B00FD6E63 /* c.h in Headers */ = {isa = PBXBuildFile; fileRef = 845C922D2105AF9A00FD6E63 /* c.h */; };
		845C927D2105AF9B00FD6E63 /* c.h in Headers */ = {isa = PBXBuildFile; fileRef = 845C922D2105AF9A00FD6E63 /* c.h */; };
		845C927E2105AF9B00FD6E63 /* base64.h in Headers */ = {isa = PBXBuildFile; fileRef = 845C922F2105AF9A00FD6E63 /* base64.h */; };
		845C927F2105AF9B00FD6E63 /* base64.h in Headers */ = {isa = PBXBuildFile; fileRef = 845C922F2105AF9A00FD6E63 /* base64.h */; };
		845C92802105AF9B00FD6E63 /* fe_memutils.h in Headers */ = {isa = PBXBuildFile; fileRef = 845C92302105AF9A00FD6E63 /* fe_memutils.h */; };
		845C92812105AF9B00FD6E63 /* fe_memutils.h in Headers */ = {isa = PBXBuildFile; fileRef = 845C92302105AF9A00FD6E63 /* fe_memutils.h */; };
		845C92822105AF9B00FD6E63 /* ip.h in Headers */ = {isa = PBXBuildFile; fileRef = 845C92312105AF9A00FD6E63 /* ip.h */; };
		845C92832105AF9B00FD6E63 /* ip.h in Headers */ = {isa = PBXBuildFile; fileRef = 845C92312105AF9A00FD6E63 /* ip.h */; };
		845C92842105AF9B00FD6E63 /* md5.h in Headers */ = {isa = PBXBuildFile; fileRef = 845C92322105AF9A00FD6E63 /* md5.h */; };
		845C92852105AF9B00FD6E63 /* md5.h in Headers */ = {isa = PBXBuildFile; fileRef = 845C92322105AF9A00FD6E63 /* md5.h */; };
		845C92862105AF9B00FD6E63 /* saslprep.h in Headers */ = {isa = PBXBuildFile; fileRef = 845C92332105AF9A00FD6E63 /* saslprep.h */; };
		845C92872105AF9B00FD6E63 /* saslprep.h in Headers */ = {isa = PBXBuildFile; fileRef = 845C92332105AF9A00FD6E63 /* saslprep.h */; };
		845C92882105AF9B00FD6E63 /* scram-common.h in Headers */ = {isa = PBXBuildFile; fileRef = 845C92342105AF9A00FD6E63 /* scram-common.h */; };
		845C92892105AF9B00FD6E63 /* scram-common.h in Headers */ = {isa = PBXBuildFile; fileRef = 845C92342105AF9A00FD6E63 /* scram-common.h */; };
		845C928A2105AF9B00FD6E63 /* sha2.h in Headers */ = {isa = PBXBuildFile; fileRef = 845C92352105AF9A00FD6E63 /* sha2.h */; };
		845C928B2105AF9B00FD6E63 /* sha2.h in Headers */ = {isa = PBXBuildFile; fileRef = 845C92352105AF9A00FD6E63 /* sha2.h */; };
		845C928C2105AF9B00FD6E63 /* unicode_norm.h in Headers */ = {isa = PBXBuildFile; fileRef = 845C92362105AF9A00FD6E63 /* unicode_norm.h */; };
		845C928D2105AF9B00FD6E63 /* unicode_norm.h in Headers */ = {isa = PBXBuildFile; fileRef = 845C92362105AF9A00FD6E63 /* unicode_norm.h */; };
		845C928E2105AF9B00FD6E63 /* unicode_norm_table.h in Headers */ = {isa = PBXBuildFile; fileRef = 845C92372105AF9A00FD6E63 /* unicode_norm_table.h */; };
		845C928F2105AF9B00FD6E63 /* unicode_norm_table.h in Headers */ = {isa = PBXBuildFile; fileRef = 845C92372105AF9A00FD6E63 /* unicode_norm_table.h */; };
		845C92902105AF9B00FD6E63 /* getaddrinfo.h in Headers */ = {isa = PBXBuildFile; fileRef = 845C92382105AF9A00FD6E63 /* getaddrinfo.h */; };
		845C92912105AF9B00FD6E63 /* getaddrinfo.h in Headers */ = {isa = PBXBuildFile; fileRef = 845C92382105AF9A00FD6E63 /* getaddrinfo.h */; };
		845C92922105AF9B00FD6E63 /* libpq-fs.h in Headers */ = {isa = PBXBuildFile; fileRef = 845C923A2105AF9A00FD6E63 /* libpq-fs.h */; };
		845C92932105AF9B00FD6E63 /* libpq-fs.h in Headers */ = {isa = PBXBuildFile; fileRef = 845C923A2105AF9A00FD6E63 /* libpq-fs.h */; };
		845C92942105AF9B00FD6E63 /* pqcomm.h in Headers */ = {isa = PBXBuildFile; fileRef = 845C923B2105AF9A00FD6E63 /* pqcomm.h */; };
		845C92952105AF9B00FD6E63 /* pqcomm.h in Headers */ = {isa = PBXBuildFile; fileRef = 845C923B2105AF9A00FD6E63 /* pqcomm.h */; };
		845C92962105AF9B00FD6E63 /* scram.h in Headers */ = {isa = PBXBuildFile; fileRef = 845C923C2105AF9A00FD6E63 /* scram.h */; };
		845C92972105AF9B00FD6E63 /* scram.h in Headers */ = {isa = PBXBuildFile; fileRef = 845C923C2105AF9A00FD6E63 /* scram.h */; };
		845C92982105AF9B00FD6E63 /* pg_wchar.h in Headers */ = {isa = PBXBuildFile; fileRef = 845C923E2105AF9A00FD6E63 /* pg_wchar.h */; };
		845C92992105AF9B00FD6E63 /* pg_wchar.h in Headers */ = {isa = PBXBuildFile; fileRef = 845C923E2105AF9A00FD6E63 /* pg_wchar.h */; };
		845C929A2105AF9B00FD6E63 /* pg_config.h in Headers */ = {isa = PBXBuildFile; fileRef = 845C923F2105AF9A00FD6E63 /* pg_config.h */; };
		845C929B2105AF9B00FD6E63 /* pg_config.h in Headers */ = {isa = PBXBuildFile; fileRef = 845C923F2105AF9A00FD6E63 /* pg_config.h */; };
		845C929C2105AF9B00FD6E63 /* pg_config_ext.h in Headers */ = {isa = PBXBuildFile; fileRef = 845C92402105AF9A00FD6E63 /* pg_config_ext.h */; settings = {ATTRIBUTES = (Public, ); }; };
		845C929D2105AF9B00FD6E63 /* pg_config_ext.h in Headers */ = {isa = PBXBuildFile; fileRef = 845C92402105AF9A00FD6E63 /* pg_config_ext.h */; settings = {ATTRIBUTES = (Public, ); }; };
		845C929E2105AF9B00FD6E63 /* pg_config_manual.h in Headers */ = {isa = PBXBuildFile; fileRef = 845C92412105AF9A00FD6E63 /* pg_config_manual.h */; };
		845C929F2105AF9B00FD6E63 /* pg_config_manual.h in Headers */ = {isa = PBXBuildFile; fileRef = 845C92412105AF9A00FD6E63 /* pg_config_manual.h */; };
		845C92A02105AF9B00FD6E63 /* pg_config_os.h in Headers */ = {isa = PBXBuildFile; fileRef = 845C92422105AF9A00FD6E63 /* pg_config_os.h */; };
		845C92A12105AF9B00FD6E63 /* pg_config_os.h in Headers */ = {isa = PBXBuildFile; fileRef = 845C92422105AF9A00FD6E63 /* pg_config_os.h */; };
		845C92A22105AF9B00FD6E63 /* port.h in Headers */ = {isa = PBXBuildFile; fileRef = 845C92432105AF9A00FD6E63 /* port.h */; };
		845C92A32105AF9B00FD6E63 /* port.h in Headers */ = {isa = PBXBuildFile; fileRef = 845C92432105AF9A00FD6E63 /* port.h */; };
		845C92A42105AF9B00FD6E63 /* postgres_ext.h in Headers */ = {isa = PBXBuildFile; fileRef = 845C92442105AF9A00FD6E63 /* postgres_ext.h */; settings = {ATTRIBUTES = (Public, ); }; };
		845C92A52105AF9B00FD6E63 /* postgres_ext.h in Headers */ = {isa = PBXBuildFile; fileRef = 845C92442105AF9A00FD6E63 /* postgres_ext.h */; settings = {ATTRIBUTES = (Public, ); }; };
		845C92A62105AF9B00FD6E63 /* postgres_fe.h in Headers */ = {isa = PBXBuildFile; fileRef = 845C92452105AF9A00FD6E63 /* postgres_fe.h */; };
		845C92A72105AF9B00FD6E63 /* postgres_fe.h in Headers */ = {isa = PBXBuildFile; fileRef = 845C92452105AF9A00FD6E63 /* postgres_fe.h */; };
		845C92A82105AF9B00FD6E63 /* palloc.h in Headers */ = {isa = PBXBuildFile; fileRef = 845C92472105AF9A00FD6E63 /* palloc.h */; };
		845C92A92105AF9B00FD6E63 /* palloc.h in Headers */ = {isa = PBXBuildFile; fileRef = 845C92472105AF9A00FD6E63 /* palloc.h */; };
		845C92AA2105AF9B00FD6E63 /* fe-auth-scram.c in Sources */ = {isa = PBXBuildFile; fileRef = 845C924A2105AF9A00FD6E63 /* fe-auth-scram.c */; };
		845C92AB2105AF9B00FD6E63 /* fe-auth-scram.c in Sources */ = {isa = PBXBuildFile; fileRef = 845C924A2105AF9A00FD6E63 /* fe-auth-scram.c */; };
		845C92AC2105AF9B00FD6E63 /* fe-auth.c in Sources */ = {isa = PBXBuildFile; fileRef = 845C924B2105AF9A00FD6E63 /* fe-auth.c */; };
		845C92AD2105AF9B00FD6E63 /* fe-auth.c in Sources */ = {isa = PBXBuildFile; fileRef = 845C924B2105AF9A00FD6E63 /* fe-auth.c */; };
		845C92AE2105AF9B00FD6E63 /* fe-auth.h in Headers */ = {isa = PBXBuildFile; fileRef = 845C924C2105AF9A00FD6E63 /* fe-auth.h */; };
		845C92AF2105AF9B00FD6E63 /* fe-auth.h in Headers */ = {isa = PBXBuildFile; fileRef = 845C924C2105AF9A00FD6E63 /* fe-auth.h */; };
		845C92B02105AF9B00FD6E63 /* fe-connect.c in Sources */ = {isa = PBXBuildFile; fileRef = 845C924D2105AF9A00FD6E63 /* fe-connect.c */; };
		845C92B12105AF9B00FD6E63 /* fe-connect.c in Sources */ = {isa = PBXBuildFile; fileRef = 845C924D2105AF9A00FD6E63 /* fe-connect.c */; };
		845C92B22105AF9B00FD6E63 /* fe-exec.c in Sources */ = {isa = PBXBuildFile; fileRef = 845C924E2105AF9A00FD6E63 /* fe-exec.c */; };
		845C92B32105AF9B00FD6E63 /* fe-exec.c in Sources */ = {isa = PBXBuildFile; fileRef = 845C924E2105AF9A00FD6E63 /* fe-exec.c */; };
		845C92B42105AF9B00FD6E63 /* fe-lobj.c in Sources */ = {isa = PBXBuildFile; fileRef = 845C924F2105AF9A00FD6E63 /* fe-lobj.c */; };
		845C92B52105AF9B00FD6E63 /* fe-lobj.c in Sources */ = {isa = PBXBuildFile; fileRef = 845C924F2105AF9A00FD6E63 /* fe-lobj.c */; };
		845C92B62105AF9B00FD6E63 /* fe-misc.c in Sources */ = {isa = PBXBuildFile; fileRef = 845C92502105AF9A00FD6E63 /* fe-misc.c */; };
		845C92B72105AF9B00FD6E63 /* fe-misc.c in Sources */ = {isa = PBXBuildFile; fileRef = 845C92502105AF9A00FD6E63 /* fe-misc.c */; };
		845C92B82105AF9B00FD6E63 /* fe-print.c in Sources */ = {isa = PBXBuildFile; fileRef = 845C92512105AF9A00FD6E63 /* fe-print.c */; };
		845C92B92105AF9B00FD6E63 /* fe-print.c in Sources */ = {isa = PBXBuildFile; fileRef = 845C92512105AF9A00FD6E63 /* fe-print.c */; };
		845C92BC2105AF9B00FD6E63 /* fe-protocol3.c in Sources */ = {isa = PBXBuildFile; fileRef = 845C92532105AF9A00FD6E63 /* fe-protocol3.c */; };
		845C92BD2105AF9B00FD6E63 /* fe-protocol3.c in Sources */ = {isa = PBXBuildFile; fileRef = 845C92532105AF9A00FD6E63 /* fe-protocol3.c */; };
		845C92BE2105AF9B00FD6E63 /* fe-secure-openssl.c in Sources */ = {isa = PBXBuildFile; fileRef = 845C92542105AF9A00FD6E63 /* fe-secure-openssl.c */; };
		845C92BF2105AF9B00FD6E63 /* fe-secure-openssl.c in Sources */ = {isa = PBXBuildFile; fileRef = 845C92542105AF9A00FD6E63 /* fe-secure-openssl.c */; };
		845C92C02105AF9B00FD6E63 /* fe-secure.c in Sources */ = {isa = PBXBuildFile; fileRef = 845C92552105AF9A00FD6E63 /* fe-secure.c */; };
		845C92C12105AF9B00FD6E63 /* fe-secure.c in Sources */ = {isa = PBXBuildFile; fileRef = 845C92552105AF9A00FD6E63 /* fe-secure.c */; };
		845C92C22105AF9B00FD6E63 /* libpq-events.c in Sources */ = {isa = PBXBuildFile; fileRef = 845C92562105AF9A00FD6E63 /* libpq-events.c */; };
		845C92C32105AF9B00FD6E63 /* libpq-events.c in Sources */ = {isa = PBXBuildFile; fileRef = 845C92562105AF9A00FD6E63 /* libpq-events.c */; };
		845C92C42105AF9B00FD6E63 /* libpq-events.h in Headers */ = {isa = PBXBuildFile; fileRef = 845C92572105AF9A00FD6E63 /* libpq-events.h */; };
		845C92C52105AF9B00FD6E63 /* libpq-events.h in Headers */ = {isa = PBXBuildFile; fileRef = 845C92572105AF9A00FD6E63 /* libpq-events.h */; };
		845C92C62105AF9B00FD6E63 /* libpq-fe.h in Headers */ = {isa = PBXBuildFile; fileRef = 845C92582105AF9A00FD6E63 /* libpq-fe.h */; settings = {ATTRIBUTES = (Public, ); }; };
		845C92C72105AF9B00FD6E63 /* libpq-fe.h in Headers */ = {isa = PBXBuildFile; fileRef = 845C92582105AF9A00FD6E63 /* libpq-fe.h */; settings = {ATTRIBUTES = (Public, ); }; };
		845C92C82105AF9B00FD6E63 /* libpq-int.h in Headers */ = {isa = PBXBuildFile; fileRef = 845C92592105AF9A00FD6E63 /* libpq-int.h */; };
		845C92C92105AF9B00FD6E63 /* libpq-int.h in Headers */ = {isa = PBXBuildFile; fileRef = 845C92592105AF9A00FD6E63 /* libpq-int.h */; };
		845C92CA2105AF9B00FD6E63 /* pqexpbuffer.c in Sources */ = {isa = PBXBuildFile; fileRef = 845C925A2105AF9A00FD6E63 /* pqexpbuffer.c */; };
		845C92CB2105AF9B00FD6E63 /* pqexpbuffer.c in Sources */ = {isa = PBXBuildFile; fileRef = 845C925A2105AF9A00FD6E63 /* pqexpbuffer.c */; };
		845C92CC2105AF9B00FD6E63 /* pqexpbuffer.h in Headers */ = {isa = PBXBuildFile; fileRef = 845C925B2105AF9A00FD6E63 /* pqexpbuffer.h */; };
		845C92CD2105AF9B00FD6E63 /* pqexpbuffer.h in Headers */ = {isa = PBXBuildFile; fileRef = 845C925B2105AF9A00FD6E63 /* pqexpbuffer.h */; };
		845C92D02105AF9B00FD6E63 /* chklocale.c in Sources */ = {isa = PBXBuildFile; fileRef = 845C925E2105AF9A00FD6E63 /* chklocale.c */; };
		845C92D12105AF9B00FD6E63 /* chklocale.c in Sources */ = {isa = PBXBuildFile; fileRef = 845C925E2105AF9A00FD6E63 /* chklocale.c */; };
		845C92D22105AF9B00FD6E63 /* erand48.c in Sources */ = {isa = PBXBuildFile; fileRef = 845C925F2105AF9A00FD6E63 /* erand48.c */; };
		845C92D32105AF9B00FD6E63 /* erand48.c in Sources */ = {isa = PBXBuildFile; fileRef = 845C925F2105AF9A00FD6E63 /* erand48.c */; };
		845C92D42105AF9B00FD6E63 /* inet_net_ntop.c in Sources */ = {isa = PBXBuildFile; fileRef = 845C92602105AF9A00FD6E63 /* inet_net_ntop.c */; };
		845C92D52105AF9B00FD6E63 /* inet_net_ntop.c in Sources */ = {isa = PBXBuildFile; fileRef = 845C92602105AF9A00FD6E63 /* inet_net_ntop.c */; };
		845C92D62105AF9B00FD6E63 /* noblock.c in Sources */ = {isa = PBXBuildFile; fileRef = 845C92612105AF9A00FD6E63 /* noblock.c */; };
		845C92D72105AF9B00FD6E63 /* noblock.c in Sources */ = {isa = PBXBuildFile; fileRef = 845C92612105AF9A00FD6E63 /* noblock.c */; };
		845C92D82105AF9B00FD6E63 /* pg_config_paths.h in Headers */ = {isa = PBXBuildFile; fileRef = 845C92622105AF9A00FD6E63 /* pg_config_paths.h */; };
		845C92D92105AF9B00FD6E63 /* pg_config_paths.h in Headers */ = {isa = PBXBuildFile; fileRef = 845C92622105AF9A00FD6E63 /* pg_config_paths.h */; };
		845C92DA2105AF9B00FD6E63 /* pg_strong_random.c in Sources */ = {isa = PBXBuildFile; fileRef = 845C92632105AF9A00FD6E63 /* pg_strong_random.c */; };
		845C92DB2105AF9B00FD6E63 /* pg_strong_random.c in Sources */ = {isa = PBXBuildFile; fileRef = 845C92632105AF9A00FD6E63 /* pg_strong_random.c */; };
		845C92DC2105AF9B00FD6E63 /* pgstrcasecmp.c in Sources */ = {isa = PBXBuildFile; fileRef = 845C92642105AF9A00FD6E63 /* pgstrcasecmp.c */; };
		845C92DD2105AF9B00FD6E63 /* pgstrcasecmp.c in Sources */ = {isa = PBXBuildFile; fileRef = 845C92642105AF9A00FD6E63 /* pgstrcasecmp.c */; };
		845C92DE2105AF9B00FD6E63 /* pqsignal.c in Sources */ = {isa = PBXBuildFile; fileRef = 845C92652105AF9A00FD6E63 /* pqsignal.c */; };
		845C92DF2105AF9B00FD6E63 /* pqsignal.c in Sources */ = {isa = PBXBuildFile; fileRef = 845C92652105AF9A00FD6E63 /* pqsignal.c */; };
		845C92E02105AF9B00FD6E63 /* snprintf.c in Sources */ = {isa = PBXBuildFile; fileRef = 845C92662105AF9A00FD6E63 /* snprintf.c */; };
		845C92E12105AF9B00FD6E63 /* snprintf.c in Sources */ = {isa = PBXBuildFile; fileRef = 845C92662105AF9A00FD6E63 /* snprintf.c */; };
		845C92E22105AF9B00FD6E63 /* thread.c in Sources */ = {isa = PBXBuildFile; fileRef = 845C92672105AF9A00FD6E63 /* thread.c */; };
		845C92E32105AF9B00FD6E63 /* thread.c in Sources */ = {isa = PBXBuildFile; fileRef = 845C92672105AF9A00FD6E63 /* thread.c */; };
		845C93DB2105B37B00FD6E63 /* libpq-Prefix.pch in Headers */ = {isa = PBXBuildFile; fileRef = 845C93DA2105B37B00FD6E63 /* libpq-Prefix.pch */; };
		845C93DC2105B37B00FD6E63 /* libpq-Prefix.pch in Headers */ = {isa = PBXBuildFile; fileRef = 845C93DA2105B37B00FD6E63 /* libpq-Prefix.pch */; };
		8B29432E28C90A0F0027C8E5 /* hmac_openssl.c in Sources */ = {isa = PBXBuildFile; fileRef = 8B29432D28C90A0F0027C8E5 /* hmac_openssl.c */; };
		8B29432F28C90A0F0027C8E5 /* hmac_openssl.c in Sources */ = {isa = PBXBuildFile; fileRef = 8B29432D28C90A0F0027C8E5 /* hmac_openssl.c */; };
		8B29433128C90A660027C8E5 /* checksum_helper.h in Headers */ = {isa = PBXBuildFile; fileRef = 8B29433028C90A660027C8E5 /* checksum_helper.h */; };
		8B29433228C90A660027C8E5 /* checksum_helper.h in Headers */ = {isa = PBXBuildFile; fileRef = 8B29433028C90A660027C8E5 /* checksum_helper.h */; };
		8B29433428C90A6F0027C8E5 /* hmac.h in Headers */ = {isa = PBXBuildFile; fileRef = 8B29433328C90A6F0027C8E5 /* hmac.h */; };
		8B29433528C90A6F0027C8E5 /* hmac.h in Headers */ = {isa = PBXBuildFile; fileRef = 8B29433328C90A6F0027C8E5 /* hmac.h */; };
		8B29433728C90A7D0027C8E5 /* cryptohash.h in Headers */ = {isa = PBXBuildFile; fileRef = 8B29433628C90A7D0027C8E5 /* cryptohash.h */; };
		8B29433828C90A7D0027C8E5 /* cryptohash.h in Headers */ = {isa = PBXBuildFile; fileRef = 8B29433628C90A7D0027C8E5 /* cryptohash.h */; };
		8B29433A28C90D370027C8E5 /* cryptohash_openssl.c in Sources */ = {isa = PBXBuildFile; fileRef = 8B29433928C90D370027C8E5 /* cryptohash_openssl.c */; };
		8B29433B28C90D370027C8E5 /* cryptohash_openssl.c in Sources */ = {isa = PBXBuildFile; fileRef = 8B29433928C90D370027C8E5 /* cryptohash_openssl.c */; };
		8B29434028C910070027C8E5 /* fe-trace.c in Sources */ = {isa = PBXBuildFile; fileRef = 8B29433F28C910070027C8E5 /* fe-trace.c */; };
		8B29434128C910070027C8E5 /* fe-trace.c in Sources */ = {isa = PBXBuildFile; fileRef = 8B29433F28C910070027C8E5 /* fe-trace.c */; };
		8B29434328C9104A0027C8E5 /* link-canary.c in Sources */ = {isa = PBXBuildFile; fileRef = 8B29434228C9104A0027C8E5 /* link-canary.c */; };
		8B29434428C9104A0027C8E5 /* link-canary.c in Sources */ = {isa = PBXBuildFile; fileRef = 8B29434228C9104A0027C8E5 /* link-canary.c */; };
		8B29434628C910B00027C8E5 /* fe-secure-common.c in Sources */ = {isa = PBXBuildFile; fileRef = 8B29434528C910AF0027C8E5 /* fe-secure-common.c */; };
		8B29434728C910B00027C8E5 /* fe-secure-common.c in Sources */ = {isa = PBXBuildFile; fileRef = 8B29434528C910AF0027C8E5 /* fe-secure-common.c */; };
		8B29434928C912390027C8E5 /* explicit_bzero.c in Sources */ = {isa = PBXBuildFile; fileRef = 8B29434828C912390027C8E5 /* explicit_bzero.c */; };
		8B29434A28C912390027C8E5 /* explicit_bzero.c in Sources */ = {isa = PBXBuildFile; fileRef = 8B29434828C912390027C8E5 /* explicit_bzero.c */; };
		8B29434C28C912860027C8E5 /* md5_common.c in Sources */ = {isa = PBXBuildFile; fileRef = 8B29434B28C912860027C8E5 /* md5_common.c */; };
		8B29434D28C912860027C8E5 /* md5_common.c in Sources */ = {isa = PBXBuildFile; fileRef = 8B29434B28C912860027C8E5 /* md5_common.c */; };
		8B67DC3C28C9097800981ADF /* string.c in Sources */ = {isa = PBXBuildFile; fileRef = 8B67DC3B28C9097800981ADF /* string.c */; };
		8B67DC3D28C9097800981ADF /* string.c in Sources */ = {isa = PBXBuildFile; fileRef = 8B67DC3B28C9097800981ADF /* string.c */; };
		8B6F55BD28C907B50035E67A /* sha2.c in Sources */ = {isa = PBXBuildFile; fileRef = 8B6F55BC28C907B50035E67A /* sha2.c */; };
		8B6F55BE28C907B50035E67A /* sha2.c in Sources */ = {isa = PBXBuildFile; fileRef = 8B6F55BC28C907B50035E67A /* sha2.c */; };
		8BE7DB7B28C902FB00734875 /* strerror.c in Sources */ = {isa = PBXBuildFile; fileRef = 8BE7DB7A28C902FB00734875 /* strerror.c */; };
		8BE7DB7C28C902FB00734875 /* strerror.c in Sources */ = {isa = PBXBuildFile; fileRef = 8BE7DB7A28C902FB00734875 /* strerror.c */; };
/* End PBXBuildFile section */

/* Begin PBXContainerItemProxy section */
		727887352105FBC6000BB4CD /* PBXContainerItemProxy */ = {
			isa = PBXContainerItemProxy;
			containerPortal = 7282B59F1F4DB8C4007AA006 /* Project object */;
			proxyType = 1;
			remoteGlobalIDString = 7282B5A71F4DB8C4007AA006;
			remoteInfo = "libpq-macos";
		};
/* End PBXContainerItemProxy section */

/* Begin PBXFileReference section */
		723E13C81F4DBE8700F57E13 /* libcrypto.a */ = {isa = PBXFileReference; lastKnownFileType = archive.ar; name = libcrypto.a; path = libs/iOS/libcrypto.a; sourceTree = "<group>"; };
		723E13C91F4DBE8700F57E13 /* libssl.a */ = {isa = PBXFileReference; lastKnownFileType = archive.ar; name = libssl.a; path = libs/iOS/libssl.a; sourceTree = "<group>"; };
		723E13CC1F4DBE8D00F57E13 /* libcrypto.a */ = {isa = PBXFileReference; lastKnownFileType = archive.ar; name = libcrypto.a; path = libs/macOS/libcrypto.a; sourceTree = "<group>"; };
		723E13CD1F4DBE8D00F57E13 /* libssl.a */ = {isa = PBXFileReference; lastKnownFileType = archive.ar; name = libssl.a; path = libs/macOS/libssl.a; sourceTree = "<group>"; };
		7278872F2105FBC6000BB4CD /* libpqTests.xctest */ = {isa = PBXFileReference; explicitFileType = wrapper.cfbundle; includeInIndex = 0; path = libpqTests.xctest; sourceTree = BUILT_PRODUCTS_DIR; };
		727887312105FBC6000BB4CD /* libpqTests.m */ = {isa = PBXFileReference; lastKnownFileType = sourcecode.c.objc; path = libpqTests.m; sourceTree = "<group>"; };
		727887332105FBC6000BB4CD /* Info.plist */ = {isa = PBXFileReference; lastKnownFileType = text.plist.xml; path = Info.plist; sourceTree = "<group>"; };
		7282B5A81F4DB8C4007AA006 /* libpq.framework */ = {isa = PBXFileReference; explicitFileType = wrapper.framework; includeInIndex = 0; path = libpq.framework; sourceTree = BUILT_PRODUCTS_DIR; };
		7282B5AB1F4DB8C4007AA006 /* libpq.h */ = {isa = PBXFileReference; lastKnownFileType = sourcecode.c.h; path = libpq.h; sourceTree = "<group>"; };
		7282B5BC1F4DB8D5007AA006 /* libpq.framework */ = {isa = PBXFileReference; explicitFileType = wrapper.framework; includeInIndex = 0; path = libpq.framework; sourceTree = BUILT_PRODUCTS_DIR; };
		72CCC7A424EFE8A30021F6EA /* PostgresDBClient.h */ = {isa = PBXFileReference; lastKnownFileType = sourcecode.c.h; path = PostgresDBClient.h; sourceTree = "<group>"; };
		72CCC7A524EFE8A30021F6EA /* PostgresDBClient.m */ = {isa = PBXFileReference; lastKnownFileType = sourcecode.c.objc; path = PostgresDBClient.m; sourceTree = "<group>"; };
		72CCC7AA24EFE8C40021F6EA /* PostgresDBResultSet.h */ = {isa = PBXFileReference; lastKnownFileType = sourcecode.c.h; path = PostgresDBResultSet.h; sourceTree = "<group>"; };
		72CCC7AB24EFE8C40021F6EA /* PostgresDBResultSet.m */ = {isa = PBXFileReference; lastKnownFileType = sourcecode.c.objc; path = PostgresDBResultSet.m; sourceTree = "<group>"; };
		72CCC7B024EFE8F30021F6EA /* PostgresDBResultSetPrivate.h */ = {isa = PBXFileReference; lastKnownFileType = sourcecode.c.h; path = PostgresDBResultSetPrivate.h; sourceTree = "<group>"; };
		845C92212105AF9A00FD6E63 /* encnames.c */ = {isa = PBXFileReference; fileEncoding = 4; lastKnownFileType = sourcecode.c.c; path = encnames.c; sourceTree = "<group>"; };
		845C92222105AF9A00FD6E63 /* wchar.c */ = {isa = PBXFileReference; fileEncoding = 4; lastKnownFileType = sourcecode.c.c; path = wchar.c; sourceTree = "<group>"; };
		845C92242105AF9A00FD6E63 /* base64.c */ = {isa = PBXFileReference; fileEncoding = 4; lastKnownFileType = sourcecode.c.c; path = base64.c; sourceTree = "<group>"; };
		845C92252105AF9A00FD6E63 /* fe_memutils.c */ = {isa = PBXFileReference; fileEncoding = 4; lastKnownFileType = sourcecode.c.c; path = fe_memutils.c; sourceTree = "<group>"; };
		845C92262105AF9A00FD6E63 /* ip.c */ = {isa = PBXFileReference; fileEncoding = 4; lastKnownFileType = sourcecode.c.c; path = ip.c; sourceTree = "<group>"; };
		845C92272105AF9A00FD6E63 /* md5.c */ = {isa = PBXFileReference; fileEncoding = 4; lastKnownFileType = sourcecode.c.c; path = md5.c; sourceTree = "<group>"; };
		845C92282105AF9A00FD6E63 /* saslprep.c */ = {isa = PBXFileReference; fileEncoding = 4; lastKnownFileType = sourcecode.c.c; path = saslprep.c; sourceTree = "<group>"; };
		845C92292105AF9A00FD6E63 /* scram-common.c */ = {isa = PBXFileReference; fileEncoding = 4; lastKnownFileType = sourcecode.c.c; path = "scram-common.c"; sourceTree = "<group>"; };
		845C922B2105AF9A00FD6E63 /* unicode_norm.c */ = {isa = PBXFileReference; fileEncoding = 4; lastKnownFileType = sourcecode.c.c; path = unicode_norm.c; sourceTree = "<group>"; };
		845C922D2105AF9A00FD6E63 /* c.h */ = {isa = PBXFileReference; fileEncoding = 4; lastKnownFileType = sourcecode.c.h; path = c.h; sourceTree = "<group>"; };
		845C922F2105AF9A00FD6E63 /* base64.h */ = {isa = PBXFileReference; fileEncoding = 4; lastKnownFileType = sourcecode.c.h; path = base64.h; sourceTree = "<group>"; };
		845C92302105AF9A00FD6E63 /* fe_memutils.h */ = {isa = PBXFileReference; fileEncoding = 4; lastKnownFileType = sourcecode.c.h; path = fe_memutils.h; sourceTree = "<group>"; };
		845C92312105AF9A00FD6E63 /* ip.h */ = {isa = PBXFileReference; fileEncoding = 4; lastKnownFileType = sourcecode.c.h; path = ip.h; sourceTree = "<group>"; };
		845C92322105AF9A00FD6E63 /* md5.h */ = {isa = PBXFileReference; fileEncoding = 4; lastKnownFileType = sourcecode.c.h; path = md5.h; sourceTree = "<group>"; };
		845C92332105AF9A00FD6E63 /* saslprep.h */ = {isa = PBXFileReference; fileEncoding = 4; lastKnownFileType = sourcecode.c.h; path = saslprep.h; sourceTree = "<group>"; };
		845C92342105AF9A00FD6E63 /* scram-common.h */ = {isa = PBXFileReference; fileEncoding = 4; lastKnownFileType = sourcecode.c.h; path = "scram-common.h"; sourceTree = "<group>"; };
		845C92352105AF9A00FD6E63 /* sha2.h */ = {isa = PBXFileReference; fileEncoding = 4; lastKnownFileType = sourcecode.c.h; path = sha2.h; sourceTree = "<group>"; };
		845C92362105AF9A00FD6E63 /* unicode_norm.h */ = {isa = PBXFileReference; fileEncoding = 4; lastKnownFileType = sourcecode.c.h; path = unicode_norm.h; sourceTree = "<group>"; };
		845C92372105AF9A00FD6E63 /* unicode_norm_table.h */ = {isa = PBXFileReference; fileEncoding = 4; lastKnownFileType = sourcecode.c.h; path = unicode_norm_table.h; sourceTree = "<group>"; };
		845C92382105AF9A00FD6E63 /* getaddrinfo.h */ = {isa = PBXFileReference; fileEncoding = 4; lastKnownFileType = sourcecode.c.h; path = getaddrinfo.h; sourceTree = "<group>"; };
		845C923A2105AF9A00FD6E63 /* libpq-fs.h */ = {isa = PBXFileReference; fileEncoding = 4; lastKnownFileType = sourcecode.c.h; path = "libpq-fs.h"; sourceTree = "<group>"; };
		845C923B2105AF9A00FD6E63 /* pqcomm.h */ = {isa = PBXFileReference; fileEncoding = 4; lastKnownFileType = sourcecode.c.h; path = pqcomm.h; sourceTree = "<group>"; };
		845C923C2105AF9A00FD6E63 /* scram.h */ = {isa = PBXFileReference; fileEncoding = 4; lastKnownFileType = sourcecode.c.h; path = scram.h; sourceTree = "<group>"; };
		845C923E2105AF9A00FD6E63 /* pg_wchar.h */ = {isa = PBXFileReference; fileEncoding = 4; lastKnownFileType = sourcecode.c.h; path = pg_wchar.h; sourceTree = "<group>"; };
		845C923F2105AF9A00FD6E63 /* pg_config.h */ = {isa = PBXFileReference; fileEncoding = 4; lastKnownFileType = sourcecode.c.h; path = pg_config.h; sourceTree = "<group>"; };
		845C92402105AF9A00FD6E63 /* pg_config_ext.h */ = {isa = PBXFileReference; fileEncoding = 4; lastKnownFileType = sourcecode.c.h; path = pg_config_ext.h; sourceTree = "<group>"; };
		845C92412105AF9A00FD6E63 /* pg_config_manual.h */ = {isa = PBXFileReference; fileEncoding = 4; lastKnownFileType = sourcecode.c.h; path = pg_config_manual.h; sourceTree = "<group>"; };
		845C92422105AF9A00FD6E63 /* pg_config_os.h */ = {isa = PBXFileReference; fileEncoding = 4; lastKnownFileType = sourcecode.c.h; path = pg_config_os.h; sourceTree = "<group>"; };
		845C92432105AF9A00FD6E63 /* port.h */ = {isa = PBXFileReference; fileEncoding = 4; lastKnownFileType = sourcecode.c.h; path = port.h; sourceTree = "<group>"; };
		845C92442105AF9A00FD6E63 /* postgres_ext.h */ = {isa = PBXFileReference; fileEncoding = 4; lastKnownFileType = sourcecode.c.h; path = postgres_ext.h; sourceTree = "<group>"; };
		845C92452105AF9A00FD6E63 /* postgres_fe.h */ = {isa = PBXFileReference; fileEncoding = 4; lastKnownFileType = sourcecode.c.h; path = postgres_fe.h; sourceTree = "<group>"; };
		845C92472105AF9A00FD6E63 /* palloc.h */ = {isa = PBXFileReference; fileEncoding = 4; lastKnownFileType = sourcecode.c.h; path = palloc.h; sourceTree = "<group>"; };
		845C924A2105AF9A00FD6E63 /* fe-auth-scram.c */ = {isa = PBXFileReference; fileEncoding = 4; lastKnownFileType = sourcecode.c.c; path = "fe-auth-scram.c"; sourceTree = "<group>"; };
		845C924B2105AF9A00FD6E63 /* fe-auth.c */ = {isa = PBXFileReference; fileEncoding = 4; lastKnownFileType = sourcecode.c.c; path = "fe-auth.c"; sourceTree = "<group>"; };
		845C924C2105AF9A00FD6E63 /* fe-auth.h */ = {isa = PBXFileReference; fileEncoding = 4; lastKnownFileType = sourcecode.c.h; path = "fe-auth.h"; sourceTree = "<group>"; };
		845C924D2105AF9A00FD6E63 /* fe-connect.c */ = {isa = PBXFileReference; fileEncoding = 4; lastKnownFileType = sourcecode.c.c; path = "fe-connect.c"; sourceTree = "<group>"; };
		845C924E2105AF9A00FD6E63 /* fe-exec.c */ = {isa = PBXFileReference; fileEncoding = 4; lastKnownFileType = sourcecode.c.c; path = "fe-exec.c"; sourceTree = "<group>"; };
		845C924F2105AF9A00FD6E63 /* fe-lobj.c */ = {isa = PBXFileReference; fileEncoding = 4; lastKnownFileType = sourcecode.c.c; path = "fe-lobj.c"; sourceTree = "<group>"; };
		845C92502105AF9A00FD6E63 /* fe-misc.c */ = {isa = PBXFileReference; fileEncoding = 4; lastKnownFileType = sourcecode.c.c; path = "fe-misc.c"; sourceTree = "<group>"; };
		845C92512105AF9A00FD6E63 /* fe-print.c */ = {isa = PBXFileReference; fileEncoding = 4; lastKnownFileType = sourcecode.c.c; path = "fe-print.c"; sourceTree = "<group>"; };
		845C92532105AF9A00FD6E63 /* fe-protocol3.c */ = {isa = PBXFileReference; fileEncoding = 4; lastKnownFileType = sourcecode.c.c; path = "fe-protocol3.c"; sourceTree = "<group>"; };
		845C92542105AF9A00FD6E63 /* fe-secure-openssl.c */ = {isa = PBXFileReference; fileEncoding = 4; lastKnownFileType = sourcecode.c.c; path = "fe-secure-openssl.c"; sourceTree = "<group>"; };
		845C92552105AF9A00FD6E63 /* fe-secure.c */ = {isa = PBXFileReference; fileEncoding = 4; lastKnownFileType = sourcecode.c.c; path = "fe-secure.c"; sourceTree = "<group>"; };
		845C92562105AF9A00FD6E63 /* libpq-events.c */ = {isa = PBXFileReference; fileEncoding = 4; lastKnownFileType = sourcecode.c.c; path = "libpq-events.c"; sourceTree = "<group>"; };
		845C92572105AF9A00FD6E63 /* libpq-events.h */ = {isa = PBXFileReference; fileEncoding = 4; lastKnownFileType = sourcecode.c.h; path = "libpq-events.h"; sourceTree = "<group>"; };
		845C92582105AF9A00FD6E63 /* libpq-fe.h */ = {isa = PBXFileReference; fileEncoding = 4; lastKnownFileType = sourcecode.c.h; path = "libpq-fe.h"; sourceTree = "<group>"; };
		845C92592105AF9A00FD6E63 /* libpq-int.h */ = {isa = PBXFileReference; fileEncoding = 4; lastKnownFileType = sourcecode.c.h; path = "libpq-int.h"; sourceTree = "<group>"; };
		845C925A2105AF9A00FD6E63 /* pqexpbuffer.c */ = {isa = PBXFileReference; fileEncoding = 4; lastKnownFileType = sourcecode.c.c; path = pqexpbuffer.c; sourceTree = "<group>"; };
		845C925B2105AF9A00FD6E63 /* pqexpbuffer.h */ = {isa = PBXFileReference; fileEncoding = 4; lastKnownFileType = sourcecode.c.h; path = pqexpbuffer.h; sourceTree = "<group>"; };
		845C925E2105AF9A00FD6E63 /* chklocale.c */ = {isa = PBXFileReference; fileEncoding = 4; lastKnownFileType = sourcecode.c.c; path = chklocale.c; sourceTree = "<group>"; };
		845C925F2105AF9A00FD6E63 /* erand48.c */ = {isa = PBXFileReference; fileEncoding = 4; lastKnownFileType = sourcecode.c.c; path = erand48.c; sourceTree = "<group>"; };
		845C92602105AF9A00FD6E63 /* inet_net_ntop.c */ = {isa = PBXFileReference; fileEncoding = 4; lastKnownFileType = sourcecode.c.c; path = inet_net_ntop.c; sourceTree = "<group>"; };
		845C92612105AF9A00FD6E63 /* noblock.c */ = {isa = PBXFileReference; fileEncoding = 4; lastKnownFileType = sourcecode.c.c; path = noblock.c; sourceTree = "<group>"; };
		845C92622105AF9A00FD6E63 /* pg_config_paths.h */ = {isa = PBXFileReference; fileEncoding = 4; lastKnownFileType = sourcecode.c.h; path = pg_config_paths.h; sourceTree = "<group>"; };
		845C92632105AF9A00FD6E63 /* pg_strong_random.c */ = {isa = PBXFileReference; fileEncoding = 4; lastKnownFileType = sourcecode.c.c; path = pg_strong_random.c; sourceTree = "<group>"; };
		845C92642105AF9A00FD6E63 /* pgstrcasecmp.c */ = {isa = PBXFileReference; fileEncoding = 4; lastKnownFileType = sourcecode.c.c; path = pgstrcasecmp.c; sourceTree = "<group>"; };
		845C92652105AF9A00FD6E63 /* pqsignal.c */ = {isa = PBXFileReference; fileEncoding = 4; lastKnownFileType = sourcecode.c.c; path = pqsignal.c; sourceTree = "<group>"; };
		845C92662105AF9A00FD6E63 /* snprintf.c */ = {isa = PBXFileReference; fileEncoding = 4; lastKnownFileType = sourcecode.c.c; path = snprintf.c; sourceTree = "<group>"; };
		845C92672105AF9A00FD6E63 /* thread.c */ = {isa = PBXFileReference; fileEncoding = 4; lastKnownFileType = sourcecode.c.c; path = thread.c; sourceTree = "<group>"; };
		845C93DA2105B37B00FD6E63 /* libpq-Prefix.pch */ = {isa = PBXFileReference; fileEncoding = 4; lastKnownFileType = sourcecode.c.h; path = "libpq-Prefix.pch"; sourceTree = "<group>"; };
		845C93DD2105B46200FD6E63 /* libpq-macOS-Info.plist */ = {isa = PBXFileReference; fileEncoding = 4; lastKnownFileType = text.plist.xml; path = "libpq-macOS-Info.plist"; sourceTree = "<group>"; };
		845C93DE2105B46200FD6E63 /* libpq-iOS-Info.plist */ = {isa = PBXFileReference; fileEncoding = 4; lastKnownFileType = text.plist.xml; path = "libpq-iOS-Info.plist"; sourceTree = "<group>"; };
		8B29432D28C90A0F0027C8E5 /* hmac_openssl.c */ = {isa = PBXFileReference; fileEncoding = 4; lastKnownFileType = sourcecode.c.c; path = hmac_openssl.c; sourceTree = "<group>"; };
		8B29433028C90A660027C8E5 /* checksum_helper.h */ = {isa = PBXFileReference; fileEncoding = 4; lastKnownFileType = sourcecode.c.h; path = checksum_helper.h; sourceTree = "<group>"; };
		8B29433328C90A6F0027C8E5 /* hmac.h */ = {isa = PBXFileReference; fileEncoding = 4; lastKnownFileType = sourcecode.c.h; path = hmac.h; sourceTree = "<group>"; };
		8B29433628C90A7D0027C8E5 /* cryptohash.h */ = {isa = PBXFileReference; fileEncoding = 4; lastKnownFileType = sourcecode.c.h; path = cryptohash.h; sourceTree = "<group>"; };
		8B29433928C90D370027C8E5 /* cryptohash_openssl.c */ = {isa = PBXFileReference; fileEncoding = 4; lastKnownFileType = sourcecode.c.c; path = cryptohash_openssl.c; sourceTree = "<group>"; };
		8B29433F28C910070027C8E5 /* fe-trace.c */ = {isa = PBXFileReference; fileEncoding = 4; lastKnownFileType = sourcecode.c.c; path = "fe-trace.c"; sourceTree = "<group>"; };
		8B29434228C9104A0027C8E5 /* link-canary.c */ = {isa = PBXFileReference; fileEncoding = 4; lastKnownFileType = sourcecode.c.c; path = "link-canary.c"; sourceTree = "<group>"; };
		8B29434528C910AF0027C8E5 /* fe-secure-common.c */ = {isa = PBXFileReference; fileEncoding = 4; lastKnownFileType = sourcecode.c.c; path = "fe-secure-common.c"; sourceTree = "<group>"; };
		8B29434828C912390027C8E5 /* explicit_bzero.c */ = {isa = PBXFileReference; fileEncoding = 4; lastKnownFileType = sourcecode.c.c; path = explicit_bzero.c; sourceTree = "<group>"; };
		8B29434B28C912860027C8E5 /* md5_common.c */ = {isa = PBXFileReference; fileEncoding = 4; lastKnownFileType = sourcecode.c.c; path = md5_common.c; sourceTree = "<group>"; };
		8B67DC3B28C9097800981ADF /* string.c */ = {isa = PBXFileReference; fileEncoding = 4; lastKnownFileType = sourcecode.c.c; path = string.c; sourceTree = "<group>"; };
		8B6F55BC28C907B50035E67A /* sha2.c */ = {isa = PBXFileReference; fileEncoding = 4; lastKnownFileType = sourcecode.c.c; path = sha2.c; sourceTree = "<group>"; };
		8BE7DB7A28C902FB00734875 /* strerror.c */ = {isa = PBXFileReference; fileEncoding = 4; lastKnownFileType = sourcecode.c.c; path = strerror.c; sourceTree = "<group>"; };
/* End PBXFileReference section */

/* Begin PBXFrameworksBuildPhase section */
		7278872C2105FBC6000BB4CD /* Frameworks */ = {
			isa = PBXFrameworksBuildPhase;
			buildActionMask = 2147483647;
			files = (
				727887342105FBC6000BB4CD /* libpq.framework in Frameworks */,
			);
			runOnlyForDeploymentPostprocessing = 0;
		};
		7282B5A41F4DB8C4007AA006 /* Frameworks */ = {
			isa = PBXFrameworksBuildPhase;
			buildActionMask = 2147483647;
			files = (
				723E13CE1F4DBE8D00F57E13 /* libcrypto.a in Frameworks */,
				723E13CF1F4DBE8D00F57E13 /* libssl.a in Frameworks */,
			);
			runOnlyForDeploymentPostprocessing = 0;
		};
		7282B5B51F4DB8D5007AA006 /* Frameworks */ = {
			isa = PBXFrameworksBuildPhase;
			buildActionMask = 2147483647;
			files = (
			);
			runOnlyForDeploymentPostprocessing = 0;
		};
/* End PBXFrameworksBuildPhase section */

/* Begin PBXGroup section */
		723E13C71F4DBE8700F57E13 /* Frameworks */ = {
			isa = PBXGroup;
			children = (
				723E13CC1F4DBE8D00F57E13 /* libcrypto.a */,
				723E13CD1F4DBE8D00F57E13 /* libssl.a */,
				723E13C81F4DBE8700F57E13 /* libcrypto.a */,
				723E13C91F4DBE8700F57E13 /* libssl.a */,
			);
			name = Frameworks;
			sourceTree = "<group>";
		};
		727887302105FBC6000BB4CD /* libpqTests */ = {
			isa = PBXGroup;
			children = (
				727887312105FBC6000BB4CD /* libpqTests.m */,
				727887332105FBC6000BB4CD /* Info.plist */,
			);
			path = libpqTests;
			sourceTree = "<group>";
		};
		7282B59E1F4DB8C4007AA006 = {
			isa = PBXGroup;
			children = (
				7282B5AA1F4DB8C4007AA006 /* libpq */,
				727887302105FBC6000BB4CD /* libpqTests */,
				7282B5A91F4DB8C4007AA006 /* Products */,
				723E13C71F4DBE8700F57E13 /* Frameworks */,
			);
			sourceTree = "<group>";
		};
		7282B5A91F4DB8C4007AA006 /* Products */ = {
			isa = PBXGroup;
			children = (
				7282B5A81F4DB8C4007AA006 /* libpq.framework */,
				7282B5BC1F4DB8D5007AA006 /* libpq.framework */,
				7278872F2105FBC6000BB4CD /* libpqTests.xctest */,
			);
			name = Products;
			sourceTree = "<group>";
		};
		7282B5AA1F4DB8C4007AA006 /* libpq */ = {
			isa = PBXGroup;
			children = (
				845C921D2105AF9A00FD6E63 /* src */,
				7282B5AB1F4DB8C4007AA006 /* libpq.h */,
				845C93DE2105B46200FD6E63 /* libpq-iOS-Info.plist */,
				845C93DD2105B46200FD6E63 /* libpq-macOS-Info.plist */,
				72CCC7A424EFE8A30021F6EA /* PostgresDBClient.h */,
				72CCC7A524EFE8A30021F6EA /* PostgresDBClient.m */,
				72CCC7AA24EFE8C40021F6EA /* PostgresDBResultSet.h */,
				72CCC7AB24EFE8C40021F6EA /* PostgresDBResultSet.m */,
				72CCC7B024EFE8F30021F6EA /* PostgresDBResultSetPrivate.h */,
			);
			path = libpq;
			sourceTree = "<group>";
		};
		845C921D2105AF9A00FD6E63 /* src */ = {
			isa = PBXGroup;
			children = (
				845C921E2105AF9A00FD6E63 /* backend */,
				845C92232105AF9A00FD6E63 /* common */,
				845C922C2105AF9A00FD6E63 /* include */,
				845C92482105AF9A00FD6E63 /* interfaces */,
				845C925D2105AF9A00FD6E63 /* port */,
				845C93DA2105B37B00FD6E63 /* libpq-Prefix.pch */,
			);
			path = src;
			sourceTree = SOURCE_ROOT;
		};
		845C921E2105AF9A00FD6E63 /* backend */ = {
			isa = PBXGroup;
			children = (
				845C921F2105AF9A00FD6E63 /* utils */,
			);
			path = backend;
			sourceTree = "<group>";
		};
		845C921F2105AF9A00FD6E63 /* utils */ = {
			isa = PBXGroup;
			children = (
				845C92202105AF9A00FD6E63 /* mb */,
			);
			path = utils;
			sourceTree = "<group>";
		};
		845C92202105AF9A00FD6E63 /* mb */ = {
			isa = PBXGroup;
			children = (
				845C92212105AF9A00FD6E63 /* encnames.c */,
				845C92222105AF9A00FD6E63 /* wchar.c */,
			);
			path = mb;
			sourceTree = "<group>";
		};
		845C92232105AF9A00FD6E63 /* common */ = {
			isa = PBXGroup;
			children = (
				845C92242105AF9A00FD6E63 /* base64.c */,
				8B29433928C90D370027C8E5 /* cryptohash_openssl.c */,
				845C92252105AF9A00FD6E63 /* fe_memutils.c */,
				8B29432D28C90A0F0027C8E5 /* hmac_openssl.c */,
				845C92262105AF9A00FD6E63 /* ip.c */,
				8B29434228C9104A0027C8E5 /* link-canary.c */,
				845C92272105AF9A00FD6E63 /* md5.c */,
				8B29434B28C912860027C8E5 /* md5_common.c */,
				845C92282105AF9A00FD6E63 /* saslprep.c */,
				845C92292105AF9A00FD6E63 /* scram-common.c */,
				8B6F55BC28C907B50035E67A /* sha2.c */,
				8B67DC3B28C9097800981ADF /* string.c */,
				845C922B2105AF9A00FD6E63 /* unicode_norm.c */,
			);
			path = common;
			sourceTree = "<group>";
		};
		845C922C2105AF9A00FD6E63 /* include */ = {
			isa = PBXGroup;
			children = (
				845C922D2105AF9A00FD6E63 /* c.h */,
				845C922E2105AF9A00FD6E63 /* common */,
				845C92382105AF9A00FD6E63 /* getaddrinfo.h */,
				845C92392105AF9A00FD6E63 /* libpq */,
				845C923D2105AF9A00FD6E63 /* mb */,
				845C923F2105AF9A00FD6E63 /* pg_config.h */,
				845C92402105AF9A00FD6E63 /* pg_config_ext.h */,
				845C92412105AF9A00FD6E63 /* pg_config_manual.h */,
				845C92422105AF9A00FD6E63 /* pg_config_os.h */,
				845C92432105AF9A00FD6E63 /* port.h */,
				845C92442105AF9A00FD6E63 /* postgres_ext.h */,
				845C92452105AF9A00FD6E63 /* postgres_fe.h */,
				845C92462105AF9A00FD6E63 /* utils */,
			);
			path = include;
			sourceTree = "<group>";
		};
		845C922E2105AF9A00FD6E63 /* common */ = {
			isa = PBXGroup;
			children = (
				845C922F2105AF9A00FD6E63 /* base64.h */,
				8B29433028C90A660027C8E5 /* checksum_helper.h */,
				8B29433628C90A7D0027C8E5 /* cryptohash.h */,
				845C92302105AF9A00FD6E63 /* fe_memutils.h */,
				8B29433328C90A6F0027C8E5 /* hmac.h */,
				845C92312105AF9A00FD6E63 /* ip.h */,
				845C92322105AF9A00FD6E63 /* md5.h */,
				845C92332105AF9A00FD6E63 /* saslprep.h */,
				845C92342105AF9A00FD6E63 /* scram-common.h */,
				845C92352105AF9A00FD6E63 /* sha2.h */,
				845C92362105AF9A00FD6E63 /* unicode_norm.h */,
				845C92372105AF9A00FD6E63 /* unicode_norm_table.h */,
			);
			path = common;
			sourceTree = "<group>";
		};
		845C92392105AF9A00FD6E63 /* libpq */ = {
			isa = PBXGroup;
			children = (
				845C923A2105AF9A00FD6E63 /* libpq-fs.h */,
				845C923B2105AF9A00FD6E63 /* pqcomm.h */,
				845C923C2105AF9A00FD6E63 /* scram.h */,
			);
			path = libpq;
			sourceTree = "<group>";
		};
		845C923D2105AF9A00FD6E63 /* mb */ = {
			isa = PBXGroup;
			children = (
				845C923E2105AF9A00FD6E63 /* pg_wchar.h */,
			);
			path = mb;
			sourceTree = "<group>";
		};
		845C92462105AF9A00FD6E63 /* utils */ = {
			isa = PBXGroup;
			children = (
				845C92472105AF9A00FD6E63 /* palloc.h */,
			);
			path = utils;
			sourceTree = "<group>";
		};
		845C92482105AF9A00FD6E63 /* interfaces */ = {
			isa = PBXGroup;
			children = (
				845C92492105AF9A00FD6E63 /* libpq */,
			);
			path = interfaces;
			sourceTree = "<group>";
		};
		845C92492105AF9A00FD6E63 /* libpq */ = {
			isa = PBXGroup;
			children = (
				845C924A2105AF9A00FD6E63 /* fe-auth-scram.c */,
				845C924B2105AF9A00FD6E63 /* fe-auth.c */,
				845C924C2105AF9A00FD6E63 /* fe-auth.h */,
				845C924D2105AF9A00FD6E63 /* fe-connect.c */,
				845C924E2105AF9A00FD6E63 /* fe-exec.c */,
				845C924F2105AF9A00FD6E63 /* fe-lobj.c */,
				845C92502105AF9A00FD6E63 /* fe-misc.c */,
				845C92512105AF9A00FD6E63 /* fe-print.c */,
				845C92532105AF9A00FD6E63 /* fe-protocol3.c */,
				845C92552105AF9A00FD6E63 /* fe-secure.c */,
				8B29434528C910AF0027C8E5 /* fe-secure-common.c */,
				845C92542105AF9A00FD6E63 /* fe-secure-openssl.c */,
				8B29433F28C910070027C8E5 /* fe-trace.c */,
				845C92562105AF9A00FD6E63 /* libpq-events.c */,
				845C92572105AF9A00FD6E63 /* libpq-events.h */,
				845C92582105AF9A00FD6E63 /* libpq-fe.h */,
				845C92592105AF9A00FD6E63 /* libpq-int.h */,
				845C925A2105AF9A00FD6E63 /* pqexpbuffer.c */,
				845C925B2105AF9A00FD6E63 /* pqexpbuffer.h */,
			);
			path = libpq;
			sourceTree = "<group>";
		};
		845C925D2105AF9A00FD6E63 /* port */ = {
			isa = PBXGroup;
			children = (
				845C925E2105AF9A00FD6E63 /* chklocale.c */,
				845C925F2105AF9A00FD6E63 /* erand48.c */,
				8B29434828C912390027C8E5 /* explicit_bzero.c */,
				845C92602105AF9A00FD6E63 /* inet_net_ntop.c */,
				845C92612105AF9A00FD6E63 /* noblock.c */,
				845C92622105AF9A00FD6E63 /* pg_config_paths.h */,
				845C92632105AF9A00FD6E63 /* pg_strong_random.c */,
				845C92642105AF9A00FD6E63 /* pgstrcasecmp.c */,
				845C92652105AF9A00FD6E63 /* pqsignal.c */,
				845C92662105AF9A00FD6E63 /* snprintf.c */,
				845C92672105AF9A00FD6E63 /* thread.c */,
				8BE7DB7A28C902FB00734875 /* strerror.c */,
			);
			path = port;
			sourceTree = "<group>";
		};
/* End PBXGroup section */

/* Begin PBXHeadersBuildPhase section */
		7282B5A51F4DB8C4007AA006 /* Headers */ = {
			isa = PBXHeadersBuildPhase;
			buildActionMask = 2147483647;
			files = (
				72CCC7A624EFE8A30021F6EA /* PostgresDBClient.h in Headers */,
				8B29433728C90A7D0027C8E5 /* cryptohash.h in Headers */,
				72CCC7AC24EFE8C40021F6EA /* PostgresDBResultSet.h in Headers */,
				845C929C2105AF9B00FD6E63 /* pg_config_ext.h in Headers */,
				845C92A42105AF9B00FD6E63 /* postgres_ext.h in Headers */,
				845C92C62105AF9B00FD6E63 /* libpq-fe.h in Headers */,
				845C92962105AF9B00FD6E63 /* scram.h in Headers */,
				72CCC7B124EFE8F30021F6EA /* PostgresDBResultSetPrivate.h in Headers */,
				845C92C82105AF9B00FD6E63 /* libpq-int.h in Headers */,
				845C92A22105AF9B00FD6E63 /* port.h in Headers */,
				845C928A2105AF9B00FD6E63 /* sha2.h in Headers */,
				845C92882105AF9B00FD6E63 /* scram-common.h in Headers */,
				8B29433128C90A660027C8E5 /* checksum_helper.h in Headers */,
				845C927C2105AF9B00FD6E63 /* c.h in Headers */,
				845C929A2105AF9B00FD6E63 /* pg_config.h in Headers */,
				845C92802105AF9B00FD6E63 /* fe_memutils.h in Headers */,
				7282B5AD1F4DB8C4007AA006 /* libpq.h in Headers */,
				845C92A82105AF9B00FD6E63 /* palloc.h in Headers */,
				845C92842105AF9B00FD6E63 /* md5.h in Headers */,
				845C929E2105AF9B00FD6E63 /* pg_config_manual.h in Headers */,
				845C92902105AF9B00FD6E63 /* getaddrinfo.h in Headers */,
				845C93DB2105B37B00FD6E63 /* libpq-Prefix.pch in Headers */,
				845C92D82105AF9B00FD6E63 /* pg_config_paths.h in Headers */,
				845C92942105AF9B00FD6E63 /* pqcomm.h in Headers */,
				845C92AE2105AF9B00FD6E63 /* fe-auth.h in Headers */,
				845C928C2105AF9B00FD6E63 /* unicode_norm.h in Headers */,
				8B29433428C90A6F0027C8E5 /* hmac.h in Headers */,
				845C92A62105AF9B00FD6E63 /* postgres_fe.h in Headers */,
				845C92A02105AF9B00FD6E63 /* pg_config_os.h in Headers */,
				845C92922105AF9B00FD6E63 /* libpq-fs.h in Headers */,
				845C92C42105AF9B00FD6E63 /* libpq-events.h in Headers */,
				845C92CC2105AF9B00FD6E63 /* pqexpbuffer.h in Headers */,
				845C92982105AF9B00FD6E63 /* pg_wchar.h in Headers */,
				845C928E2105AF9B00FD6E63 /* unicode_norm_table.h in Headers */,
				845C92862105AF9B00FD6E63 /* saslprep.h in Headers */,
				845C92822105AF9B00FD6E63 /* ip.h in Headers */,
				845C927E2105AF9B00FD6E63 /* base64.h in Headers */,
			);
			runOnlyForDeploymentPostprocessing = 0;
		};
		7282B5B61F4DB8D5007AA006 /* Headers */ = {
			isa = PBXHeadersBuildPhase;
			buildActionMask = 2147483647;
			files = (
				72CCC7A724EFE8A30021F6EA /* PostgresDBClient.h in Headers */,
				8B29433828C90A7D0027C8E5 /* cryptohash.h in Headers */,
				72CCC7AD24EFE8C40021F6EA /* PostgresDBResultSet.h in Headers */,
				845C929D2105AF9B00FD6E63 /* pg_config_ext.h in Headers */,
				845C92A52105AF9B00FD6E63 /* postgres_ext.h in Headers */,
				845C92C72105AF9B00FD6E63 /* libpq-fe.h in Headers */,
				845C92972105AF9B00FD6E63 /* scram.h in Headers */,
				72CCC7B224EFE8F30021F6EA /* PostgresDBResultSetPrivate.h in Headers */,
				845C92C92105AF9B00FD6E63 /* libpq-int.h in Headers */,
				845C92A32105AF9B00FD6E63 /* port.h in Headers */,
				845C928B2105AF9B00FD6E63 /* sha2.h in Headers */,
				845C92892105AF9B00FD6E63 /* scram-common.h in Headers */,
				8B29433228C90A660027C8E5 /* checksum_helper.h in Headers */,
				845C927D2105AF9B00FD6E63 /* c.h in Headers */,
				845C929B2105AF9B00FD6E63 /* pg_config.h in Headers */,
				845C92812105AF9B00FD6E63 /* fe_memutils.h in Headers */,
				7282B5B71F4DB8D5007AA006 /* libpq.h in Headers */,
				845C92A92105AF9B00FD6E63 /* palloc.h in Headers */,
				845C92852105AF9B00FD6E63 /* md5.h in Headers */,
				845C929F2105AF9B00FD6E63 /* pg_config_manual.h in Headers */,
				845C92912105AF9B00FD6E63 /* getaddrinfo.h in Headers */,
				845C93DC2105B37B00FD6E63 /* libpq-Prefix.pch in Headers */,
				845C92D92105AF9B00FD6E63 /* pg_config_paths.h in Headers */,
				845C92952105AF9B00FD6E63 /* pqcomm.h in Headers */,
				845C92AF2105AF9B00FD6E63 /* fe-auth.h in Headers */,
				845C928D2105AF9B00FD6E63 /* unicode_norm.h in Headers */,
				8B29433528C90A6F0027C8E5 /* hmac.h in Headers */,
				845C92A72105AF9B00FD6E63 /* postgres_fe.h in Headers */,
				845C92A12105AF9B00FD6E63 /* pg_config_os.h in Headers */,
				845C92932105AF9B00FD6E63 /* libpq-fs.h in Headers */,
				845C92C52105AF9B00FD6E63 /* libpq-events.h in Headers */,
				845C92CD2105AF9B00FD6E63 /* pqexpbuffer.h in Headers */,
				845C92992105AF9B00FD6E63 /* pg_wchar.h in Headers */,
				845C928F2105AF9B00FD6E63 /* unicode_norm_table.h in Headers */,
				845C92872105AF9B00FD6E63 /* saslprep.h in Headers */,
				845C92832105AF9B00FD6E63 /* ip.h in Headers */,
				845C927F2105AF9B00FD6E63 /* base64.h in Headers */,
			);
			runOnlyForDeploymentPostprocessing = 0;
		};
/* End PBXHeadersBuildPhase section */

/* Begin PBXNativeTarget section */
		7278872E2105FBC6000BB4CD /* libpqTests */ = {
			isa = PBXNativeTarget;
			buildConfigurationList = 727887392105FBC6000BB4CD /* Build configuration list for PBXNativeTarget "libpqTests" */;
			buildPhases = (
				7278872B2105FBC6000BB4CD /* Sources */,
				7278872C2105FBC6000BB4CD /* Frameworks */,
				7278872D2105FBC6000BB4CD /* Resources */,
			);
			buildRules = (
			);
			dependencies = (
				727887362105FBC6000BB4CD /* PBXTargetDependency */,
			);
			name = libpqTests;
			productName = libpqTests;
			productReference = 7278872F2105FBC6000BB4CD /* libpqTests.xctest */;
			productType = "com.apple.product-type.bundle.unit-test";
		};
		7282B5A71F4DB8C4007AA006 /* libpq-macos */ = {
			isa = PBXNativeTarget;
			buildConfigurationList = 7282B5B01F4DB8C4007AA006 /* Build configuration list for PBXNativeTarget "libpq-macos" */;
			buildPhases = (
				7282B5A31F4DB8C4007AA006 /* Sources */,
				7282B5A41F4DB8C4007AA006 /* Frameworks */,
				7282B5A51F4DB8C4007AA006 /* Headers */,
				7282B5A61F4DB8C4007AA006 /* Resources */,
			);
			buildRules = (
			);
			dependencies = (
			);
			name = "libpq-macos";
			productName = libpq;
			productReference = 7282B5A81F4DB8C4007AA006 /* libpq.framework */;
			productType = "com.apple.product-type.framework";
		};
		7282B5B31F4DB8D5007AA006 /* libpq-ios */ = {
			isa = PBXNativeTarget;
			buildConfigurationList = 7282B5B91F4DB8D5007AA006 /* Build configuration list for PBXNativeTarget "libpq-ios" */;
			buildPhases = (
				7282B5B41F4DB8D5007AA006 /* Sources */,
				7282B5B51F4DB8D5007AA006 /* Frameworks */,
				7282B5B61F4DB8D5007AA006 /* Headers */,
				7282B5B81F4DB8D5007AA006 /* Resources */,
			);
			buildRules = (
			);
			dependencies = (
			);
			name = "libpq-ios";
			productName = libpq;
			productReference = 7282B5BC1F4DB8D5007AA006 /* libpq.framework */;
			productType = "com.apple.product-type.framework";
		};
/* End PBXNativeTarget section */

/* Begin PBXProject section */
		7282B59F1F4DB8C4007AA006 /* Project object */ = {
			isa = PBXProject;
			attributes = {
				LastUpgradeCheck = 0900;
				ORGANIZATIONNAME = "Kyle Hankinson";
				TargetAttributes = {
					7278872E2105FBC6000BB4CD = {
						CreatedOnToolsVersion = 9.4.1;
						ProvisioningStyle = Automatic;
					};
					7282B5A71F4DB8C4007AA006 = {
						CreatedOnToolsVersion = 9.0;
						ProvisioningStyle = Automatic;
					};
					7282B5B31F4DB8D5007AA006 = {
						ProvisioningStyle = Automatic;
					};
				};
			};
			buildConfigurationList = 7282B5A21F4DB8C4007AA006 /* Build configuration list for PBXProject "libpq" */;
			compatibilityVersion = "Xcode 8.0";
			developmentRegion = en;
			hasScannedForEncodings = 0;
			knownRegions = (
				en,
			);
			mainGroup = 7282B59E1F4DB8C4007AA006;
			productRefGroup = 7282B5A91F4DB8C4007AA006 /* Products */;
			projectDirPath = "";
			projectRoot = "";
			targets = (
				7282B5A71F4DB8C4007AA006 /* libpq-macos */,
				7282B5B31F4DB8D5007AA006 /* libpq-ios */,
				7278872E2105FBC6000BB4CD /* libpqTests */,
			);
		};
/* End PBXProject section */

/* Begin PBXResourcesBuildPhase section */
		7278872D2105FBC6000BB4CD /* Resources */ = {
			isa = PBXResourcesBuildPhase;
			buildActionMask = 2147483647;
			files = (
			);
			runOnlyForDeploymentPostprocessing = 0;
		};
		7282B5A61F4DB8C4007AA006 /* Resources */ = {
			isa = PBXResourcesBuildPhase;
			buildActionMask = 2147483647;
			files = (
			);
			runOnlyForDeploymentPostprocessing = 0;
		};
		7282B5B81F4DB8D5007AA006 /* Resources */ = {
			isa = PBXResourcesBuildPhase;
			buildActionMask = 2147483647;
			files = (
			);
			runOnlyForDeploymentPostprocessing = 0;
		};
/* End PBXResourcesBuildPhase section */

/* Begin PBXSourcesBuildPhase section */
		7278872B2105FBC6000BB4CD /* Sources */ = {
			isa = PBXSourcesBuildPhase;
			buildActionMask = 2147483647;
			files = (
				727887322105FBC6000BB4CD /* libpqTests.m in Sources */,
			);
			runOnlyForDeploymentPostprocessing = 0;
		};
		7282B5A31F4DB8C4007AA006 /* Sources */ = {
			isa = PBXSourcesBuildPhase;
			buildActionMask = 2147483647;
			files = (
				845C92AC2105AF9B00FD6E63 /* fe-auth.c in Sources */,
				845C92722105AF9B00FD6E63 /* md5.c in Sources */,
				845C92D42105AF9B00FD6E63 /* inet_net_ntop.c in Sources */,
				845C92E02105AF9B00FD6E63 /* snprintf.c in Sources */,
				845C927A2105AF9B00FD6E63 /* unicode_norm.c in Sources */,
				845C92BE2105AF9B00FD6E63 /* fe-secure-openssl.c in Sources */,
				845C92DC2105AF9B00FD6E63 /* pgstrcasecmp.c in Sources */,
				845C92DA2105AF9B00FD6E63 /* pg_strong_random.c in Sources */,
				845C926E2105AF9B00FD6E63 /* fe_memutils.c in Sources */,
				845C92682105AF9B00FD6E63 /* encnames.c in Sources */,
				72CCC7A824EFE8A30021F6EA /* PostgresDBClient.m in Sources */,
				8B29434328C9104A0027C8E5 /* link-canary.c in Sources */,
				845C92C22105AF9B00FD6E63 /* libpq-events.c in Sources */,
				8BE7DB7B28C902FB00734875 /* strerror.c in Sources */,
				8B29433A28C90D370027C8E5 /* cryptohash_openssl.c in Sources */,
				845C92AA2105AF9B00FD6E63 /* fe-auth-scram.c in Sources */,
				845C92762105AF9B00FD6E63 /* scram-common.c in Sources */,
				845C92D22105AF9B00FD6E63 /* erand48.c in Sources */,
				8B6F55BD28C907B50035E67A /* sha2.c in Sources */,
				845C92742105AF9B00FD6E63 /* saslprep.c in Sources */,
				845C92CA2105AF9B00FD6E63 /* pqexpbuffer.c in Sources */,
				8B29434C28C912860027C8E5 /* md5_common.c in Sources */,
				845C92E22105AF9B00FD6E63 /* thread.c in Sources */,
				845C926C2105AF9B00FD6E63 /* base64.c in Sources */,
				845C92B42105AF9B00FD6E63 /* fe-lobj.c in Sources */,
				845C92B82105AF9B00FD6E63 /* fe-print.c in Sources */,
				8B29434928C912390027C8E5 /* explicit_bzero.c in Sources */,
				72CCC7AE24EFE8C40021F6EA /* PostgresDBResultSet.m in Sources */,
				845C92BC2105AF9B00FD6E63 /* fe-protocol3.c in Sources */,
				845C92D62105AF9B00FD6E63 /* noblock.c in Sources */,
				845C92C02105AF9B00FD6E63 /* fe-secure.c in Sources */,
				8B29432E28C90A0F0027C8E5 /* hmac_openssl.c in Sources */,
				845C92B02105AF9B00FD6E63 /* fe-connect.c in Sources */,
				845C92D02105AF9B00FD6E63 /* chklocale.c in Sources */,
				8B29434628C910B00027C8E5 /* fe-secure-common.c in Sources */,
				8B67DC3C28C9097800981ADF /* string.c in Sources */,
				8B29434028C910070027C8E5 /* fe-trace.c in Sources */,
				845C92702105AF9B00FD6E63 /* ip.c in Sources */,
				845C926A2105AF9B00FD6E63 /* wchar.c in Sources */,
				845C92B62105AF9B00FD6E63 /* fe-misc.c in Sources */,
				845C92DE2105AF9B00FD6E63 /* pqsignal.c in Sources */,
				845C92B22105AF9B00FD6E63 /* fe-exec.c in Sources */,
			);
			runOnlyForDeploymentPostprocessing = 0;
		};
		7282B5B41F4DB8D5007AA006 /* Sources */ = {
			isa = PBXSourcesBuildPhase;
			buildActionMask = 2147483647;
			files = (
				845C92AD2105AF9B00FD6E63 /* fe-auth.c in Sources */,
				845C92732105AF9B00FD6E63 /* md5.c in Sources */,
				845C92D52105AF9B00FD6E63 /* inet_net_ntop.c in Sources */,
				845C92E12105AF9B00FD6E63 /* snprintf.c in Sources */,
				845C927B2105AF9B00FD6E63 /* unicode_norm.c in Sources */,
				845C92BF2105AF9B00FD6E63 /* fe-secure-openssl.c in Sources */,
				845C92DD2105AF9B00FD6E63 /* pgstrcasecmp.c in Sources */,
				845C92DB2105AF9B00FD6E63 /* pg_strong_random.c in Sources */,
				845C926F2105AF9B00FD6E63 /* fe_memutils.c in Sources */,
				845C92692105AF9B00FD6E63 /* encnames.c in Sources */,
				72CCC7A924EFE8A30021F6EA /* PostgresDBClient.m in Sources */,
				8B29434428C9104A0027C8E5 /* link-canary.c in Sources */,
				845C92C32105AF9B00FD6E63 /* libpq-events.c in Sources */,
				8BE7DB7C28C902FB00734875 /* strerror.c in Sources */,
				8B29433B28C90D370027C8E5 /* cryptohash_openssl.c in Sources */,
				845C92AB2105AF9B00FD6E63 /* fe-auth-scram.c in Sources */,
				845C92772105AF9B00FD6E63 /* scram-common.c in Sources */,
				845C92D32105AF9B00FD6E63 /* erand48.c in Sources */,
				8B6F55BE28C907B50035E67A /* sha2.c in Sources */,
				845C92752105AF9B00FD6E63 /* saslprep.c in Sources */,
				845C92CB2105AF9B00FD6E63 /* pqexpbuffer.c in Sources */,
				8B29434D28C912860027C8E5 /* md5_common.c in Sources */,
				845C92E32105AF9B00FD6E63 /* thread.c in Sources */,
				845C926D2105AF9B00FD6E63 /* base64.c in Sources */,
				845C92B52105AF9B00FD6E63 /* fe-lobj.c in Sources */,
				845C92B92105AF9B00FD6E63 /* fe-print.c in Sources */,
				8B29434A28C912390027C8E5 /* explicit_bzero.c in Sources */,
				72CCC7AF24EFE8C40021F6EA /* PostgresDBResultSet.m in Sources */,
				845C92BD2105AF9B00FD6E63 /* fe-protocol3.c in Sources */,
				845C92D72105AF9B00FD6E63 /* noblock.c in Sources */,
				845C92C12105AF9B00FD6E63 /* fe-secure.c in Sources */,
				8B29432F28C90A0F0027C8E5 /* hmac_openssl.c in Sources */,
				845C92B12105AF9B00FD6E63 /* fe-connect.c in Sources */,
				845C92D12105AF9B00FD6E63 /* chklocale.c in Sources */,
				8B29434728C910B00027C8E5 /* fe-secure-common.c in Sources */,
				8B67DC3D28C9097800981ADF /* string.c in Sources */,
				8B29434128C910070027C8E5 /* fe-trace.c in Sources */,
				845C92712105AF9B00FD6E63 /* ip.c in Sources */,
				845C926B2105AF9B00FD6E63 /* wchar.c in Sources */,
				845C92B72105AF9B00FD6E63 /* fe-misc.c in Sources */,
				845C92DF2105AF9B00FD6E63 /* pqsignal.c in Sources */,
				845C92B32105AF9B00FD6E63 /* fe-exec.c in Sources */,
			);
			runOnlyForDeploymentPostprocessing = 0;
		};
/* End PBXSourcesBuildPhase section */

/* Begin PBXTargetDependency section */
		727887362105FBC6000BB4CD /* PBXTargetDependency */ = {
			isa = PBXTargetDependency;
			target = 7282B5A71F4DB8C4007AA006 /* libpq-macos */;
			targetProxy = 727887352105FBC6000BB4CD /* PBXContainerItemProxy */;
		};
/* End PBXTargetDependency section */

/* Begin XCBuildConfiguration section */
		727887372105FBC6000BB4CD /* Debug */ = {
			isa = XCBuildConfiguration;
			buildSettings = {
				CLANG_ENABLE_OBJC_WEAK = YES;
				CLANG_WARN_DEPRECATED_OBJC_IMPLEMENTATIONS = YES;
				CLANG_WARN_OBJC_IMPLICIT_RETAIN_SELF = YES;
				CODE_SIGN_IDENTITY = "-";
				CODE_SIGN_STYLE = Automatic;
				COMBINE_HIDPI_IMAGES = YES;
				INFOPLIST_FILE = libpqTests/Info.plist;
				LD_RUNPATH_SEARCH_PATHS = "$(inherited) @executable_path/../Frameworks @loader_path/../Frameworks";
				MACOSX_DEPLOYMENT_TARGET = 10.13;
				PRODUCT_BUNDLE_IDENTIFIER = com.hankinsoft.libpqTests;
				PRODUCT_NAME = "$(TARGET_NAME)";
			};
			name = Debug;
		};
		727887382105FBC6000BB4CD /* Release */ = {
			isa = XCBuildConfiguration;
			buildSettings = {
				CLANG_ENABLE_OBJC_WEAK = YES;
				CLANG_WARN_DEPRECATED_OBJC_IMPLEMENTATIONS = YES;
				CLANG_WARN_OBJC_IMPLICIT_RETAIN_SELF = YES;
				CODE_SIGN_IDENTITY = "-";
				CODE_SIGN_STYLE = Automatic;
				COMBINE_HIDPI_IMAGES = YES;
				INFOPLIST_FILE = libpqTests/Info.plist;
				LD_RUNPATH_SEARCH_PATHS = "$(inherited) @executable_path/../Frameworks @loader_path/../Frameworks";
				MACOSX_DEPLOYMENT_TARGET = 10.13;
				PRODUCT_BUNDLE_IDENTIFIER = com.hankinsoft.libpqTests;
				PRODUCT_NAME = "$(TARGET_NAME)";
			};
			name = Release;
		};
		7282B5AE1F4DB8C4007AA006 /* Debug */ = {
			isa = XCBuildConfiguration;
			buildSettings = {
				ALWAYS_SEARCH_USER_PATHS = NO;
				CLANG_ANALYZER_NONNULL = YES;
				CLANG_ANALYZER_NUMBER_OBJECT_CONVERSION = YES_AGGRESSIVE;
				CLANG_CXX_LANGUAGE_STANDARD = "gnu++14";
				CLANG_CXX_LIBRARY = "libc++";
				CLANG_ENABLE_MODULES = YES;
				CLANG_ENABLE_OBJC_ARC = YES;
				CLANG_WARN_BLOCK_CAPTURE_AUTORELEASING = YES;
				CLANG_WARN_BOOL_CONVERSION = YES;
				CLANG_WARN_COMMA = YES;
				CLANG_WARN_CONSTANT_CONVERSION = YES;
				CLANG_WARN_DIRECT_OBJC_ISA_USAGE = YES_ERROR;
				CLANG_WARN_DOCUMENTATION_COMMENTS = YES;
				CLANG_WARN_EMPTY_BODY = YES;
				CLANG_WARN_ENUM_CONVERSION = YES;
				CLANG_WARN_INFINITE_RECURSION = YES;
				CLANG_WARN_INT_CONVERSION = YES;
				CLANG_WARN_NON_LITERAL_NULL_CONVERSION = YES;
				CLANG_WARN_OBJC_LITERAL_CONVERSION = YES;
				CLANG_WARN_OBJC_ROOT_CLASS = YES_ERROR;
				CLANG_WARN_RANGE_LOOP_ANALYSIS = YES;
				CLANG_WARN_STRICT_PROTOTYPES = YES;
				CLANG_WARN_SUSPICIOUS_MOVE = YES;
				CLANG_WARN_UNGUARDED_AVAILABILITY = YES_AGGRESSIVE;
				CLANG_WARN_UNREACHABLE_CODE = YES;
				CLANG_WARN__DUPLICATE_METHOD_MATCH = YES;
				CODE_SIGN_IDENTITY = "Mac Developer";
				COPY_PHASE_STRIP = NO;
				CURRENT_PROJECT_VERSION = 1;
				DEBUG_INFORMATION_FORMAT = dwarf;
				ENABLE_STRICT_OBJC_MSGSEND = YES;
				ENABLE_TESTABILITY = YES;
				GCC_C_LANGUAGE_STANDARD = gnu11;
				GCC_DYNAMIC_NO_PIC = NO;
				GCC_NO_COMMON_BLOCKS = YES;
				GCC_OPTIMIZATION_LEVEL = 0;
				GCC_PREPROCESSOR_DEFINITIONS = (
					"DEBUG=1",
					"$(inherited)",
				);
				GCC_WARN_64_TO_32_BIT_CONVERSION = YES;
				GCC_WARN_ABOUT_RETURN_TYPE = YES_ERROR;
				GCC_WARN_UNDECLARED_SELECTOR = YES;
				GCC_WARN_UNINITIALIZED_AUTOS = YES_AGGRESSIVE;
				GCC_WARN_UNUSED_FUNCTION = YES;
				GCC_WARN_UNUSED_VARIABLE = YES;
				IPHONEOS_DEPLOYMENT_TARGET = 10.3;
				MACOSX_DEPLOYMENT_TARGET = 10.10;
				MTL_ENABLE_DEBUG_INFO = YES;
				ONLY_ACTIVE_ARCH = YES;
				SDKROOT = macosx;
				VERSIONING_SYSTEM = "apple-generic";
				VERSION_INFO_PREFIX = "";
			};
			name = Debug;
		};
		7282B5AF1F4DB8C4007AA006 /* Release */ = {
			isa = XCBuildConfiguration;
			buildSettings = {
				ALWAYS_SEARCH_USER_PATHS = NO;
				CLANG_ANALYZER_NONNULL = YES;
				CLANG_ANALYZER_NUMBER_OBJECT_CONVERSION = YES_AGGRESSIVE;
				CLANG_CXX_LANGUAGE_STANDARD = "gnu++14";
				CLANG_CXX_LIBRARY = "libc++";
				CLANG_ENABLE_MODULES = YES;
				CLANG_ENABLE_OBJC_ARC = YES;
				CLANG_WARN_BLOCK_CAPTURE_AUTORELEASING = YES;
				CLANG_WARN_BOOL_CONVERSION = YES;
				CLANG_WARN_COMMA = YES;
				CLANG_WARN_CONSTANT_CONVERSION = YES;
				CLANG_WARN_DIRECT_OBJC_ISA_USAGE = YES_ERROR;
				CLANG_WARN_DOCUMENTATION_COMMENTS = YES;
				CLANG_WARN_EMPTY_BODY = YES;
				CLANG_WARN_ENUM_CONVERSION = YES;
				CLANG_WARN_INFINITE_RECURSION = YES;
				CLANG_WARN_INT_CONVERSION = YES;
				CLANG_WARN_NON_LITERAL_NULL_CONVERSION = YES;
				CLANG_WARN_OBJC_LITERAL_CONVERSION = YES;
				CLANG_WARN_OBJC_ROOT_CLASS = YES_ERROR;
				CLANG_WARN_RANGE_LOOP_ANALYSIS = YES;
				CLANG_WARN_STRICT_PROTOTYPES = YES;
				CLANG_WARN_SUSPICIOUS_MOVE = YES;
				CLANG_WARN_UNGUARDED_AVAILABILITY = YES_AGGRESSIVE;
				CLANG_WARN_UNREACHABLE_CODE = YES;
				CLANG_WARN__DUPLICATE_METHOD_MATCH = YES;
				CODE_SIGN_IDENTITY = "Mac Developer";
				COPY_PHASE_STRIP = NO;
				CURRENT_PROJECT_VERSION = 1;
				DEBUG_INFORMATION_FORMAT = "dwarf-with-dsym";
				ENABLE_NS_ASSERTIONS = NO;
				ENABLE_STRICT_OBJC_MSGSEND = YES;
				GCC_C_LANGUAGE_STANDARD = gnu11;
				GCC_NO_COMMON_BLOCKS = YES;
				GCC_WARN_64_TO_32_BIT_CONVERSION = YES;
				GCC_WARN_ABOUT_RETURN_TYPE = YES_ERROR;
				GCC_WARN_UNDECLARED_SELECTOR = YES;
				GCC_WARN_UNINITIALIZED_AUTOS = YES_AGGRESSIVE;
				GCC_WARN_UNUSED_FUNCTION = YES;
				GCC_WARN_UNUSED_VARIABLE = YES;
				IPHONEOS_DEPLOYMENT_TARGET = 10.3;
				MACOSX_DEPLOYMENT_TARGET = 10.10;
				MTL_ENABLE_DEBUG_INFO = NO;
				SDKROOT = macosx;
				VERSIONING_SYSTEM = "apple-generic";
				VERSION_INFO_PREFIX = "";
			};
			name = Release;
		};
		7282B5B11F4DB8C4007AA006 /* Debug */ = {
			isa = XCBuildConfiguration;
			buildSettings = {
				CODE_SIGN_IDENTITY = "";
				CODE_SIGN_STYLE = Automatic;
				COMBINE_HIDPI_IMAGES = YES;
				DEFINES_MODULE = YES;
				DEVELOPMENT_TEAM = LKJB72232C;
				DYLIB_COMPATIBILITY_VERSION = 1;
				DYLIB_CURRENT_VERSION = 1;
				DYLIB_INSTALL_NAME_BASE = "@rpath";
				FRAMEWORK_VERSION = A;
				GCC_PREFIX_HEADER = "src/libpq-Prefix.pch";
				GCC_PREPROCESSOR_DEFINITIONS = (
					"DEBUG=1",
					"$(inherited)",
					"FRONTEND=1",
					"UNSAFE_STAT_OK=1",
				);
				HEADER_SEARCH_PATHS = (
					"$(PROJECT_DIR)/openssl/macOS/include",
					"$(PROJECT_DIR)/src/include",
				);
				INFOPLIST_FILE = "$(SRCROOT)/libpq/libpq-macOS-Info.plist";
				INSTALL_PATH = "$(LOCAL_LIBRARY_DIR)/Frameworks";
				LD_RUNPATH_SEARCH_PATHS = "$(inherited) @executable_path/../Frameworks @loader_path/Frameworks";
				LIBRARY_SEARCH_PATHS = (
					"$(inherited)",
					"$(PROJECT_DIR)/openssl/macOS/lib",
				);
				PRODUCT_BUNDLE_IDENTIFIER = com.hankinsoft.sqlpro.libpq;
				PRODUCT_NAME = libpq;
				SKIP_INSTALL = YES;
			};
			name = Debug;
		};
		7282B5B21F4DB8C4007AA006 /* Release */ = {
			isa = XCBuildConfiguration;
			buildSettings = {
				CODE_SIGN_IDENTITY = "";
				CODE_SIGN_STYLE = Automatic;
				COMBINE_HIDPI_IMAGES = YES;
				DEFINES_MODULE = YES;
				DEVELOPMENT_TEAM = LKJB72232C;
				DYLIB_COMPATIBILITY_VERSION = 1;
				DYLIB_CURRENT_VERSION = 1;
				DYLIB_INSTALL_NAME_BASE = "@rpath";
				FRAMEWORK_VERSION = A;
				GCC_PREFIX_HEADER = "src/libpq-Prefix.pch";
				GCC_PREPROCESSOR_DEFINITIONS = (
					"FRONTEND=1",
					"UNSAFE_STAT_OK=1",
				);
				HEADER_SEARCH_PATHS = (
					"$(PROJECT_DIR)/openssl/macOS/include",
					"$(PROJECT_DIR)/src/include",
				);
				INFOPLIST_FILE = "$(SRCROOT)/libpq/libpq-macOS-Info.plist";
				INSTALL_PATH = "$(LOCAL_LIBRARY_DIR)/Frameworks";
				LD_RUNPATH_SEARCH_PATHS = "$(inherited) @executable_path/../Frameworks @loader_path/Frameworks";
				LIBRARY_SEARCH_PATHS = (
					"$(inherited)",
					"$(PROJECT_DIR)/openssl/macOS/lib",
				);
				PRODUCT_BUNDLE_IDENTIFIER = com.hankinsoft.sqlpro.libpq;
				PRODUCT_NAME = libpq;
				SKIP_INSTALL = YES;
			};
			name = Release;
		};
		7282B5BA1F4DB8D5007AA006 /* Debug */ = {
			isa = XCBuildConfiguration;
			buildSettings = {
				CODE_SIGN_IDENTITY = "";
				CODE_SIGN_STYLE = Automatic;
				COMBINE_HIDPI_IMAGES = YES;
				DEFINES_MODULE = YES;
				DEVELOPMENT_TEAM = LKJB72232C;
				DYLIB_COMPATIBILITY_VERSION = 1;
				DYLIB_CURRENT_VERSION = 1;
				DYLIB_INSTALL_NAME_BASE = "@rpath";
				ENABLE_BITCODE = NO;
				FRAMEWORK_VERSION = A;
				GCC_PREFIX_HEADER = "src/libpq-Prefix.pch";
				GCC_PREPROCESSOR_DEFINITIONS = (
					"DEBUG=1",
					"$(inherited)",
					"FRONTEND=1",
					"UNSAFE_STAT_OK=1",
				);
				HEADER_SEARCH_PATHS = (
					"$(PROJECT_DIR)/src/include",
					"$(PROJECT_DIR)/openssl/iOS/include",
				);
				INFOPLIST_FILE = "$(SRCROOT)/libpq/libpq-iOS-Info.plist";
				INSTALL_PATH = "$(LOCAL_LIBRARY_DIR)/Frameworks";
				LD_RUNPATH_SEARCH_PATHS = "$(inherited) @executable_path/../Frameworks @loader_path/Frameworks";
				LIBRARY_SEARCH_PATHS = (
					"$(inherited)",
					"$(PROJECT_DIR)/libs/iOS",
				);
				"OTHER_LDFLAGS[sdk=iphoneos*]" = (
					"$(PROJECT_DIR)/openssl/iOS/lib/libssl.a",
					"$(PROJECT_DIR)/openssl/iOS/lib/libcrypto.a",
				);
				"OTHER_LDFLAGS[sdk=iphonesimulator*]" = (
					"$(PROJECT_DIR)/openssl/iOS-sim/lib/libssl.a",
					"$(PROJECT_DIR)/openssl/iOS-sim/lib/libcrypto.a",
				);
				PRODUCT_BUNDLE_IDENTIFIER = com.hankinsoft.sqlpro.libpq;
				PRODUCT_NAME = libpq;
				SDKROOT = iphoneos;
				SKIP_INSTALL = YES;
				SUPPORTS_MACCATALYST = NO;
			};
			name = Debug;
		};
		7282B5BB1F4DB8D5007AA006 /* Release */ = {
			isa = XCBuildConfiguration;
			buildSettings = {
				CODE_SIGN_IDENTITY = "";
				CODE_SIGN_STYLE = Automatic;
				COMBINE_HIDPI_IMAGES = YES;
				DEFINES_MODULE = YES;
				DEVELOPMENT_TEAM = LKJB72232C;
				DYLIB_COMPATIBILITY_VERSION = 1;
				DYLIB_CURRENT_VERSION = 1;
				DYLIB_INSTALL_NAME_BASE = "@rpath";
				ENABLE_BITCODE = NO;
				FRAMEWORK_VERSION = A;
				GCC_PREFIX_HEADER = "src/libpq-Prefix.pch";
				GCC_PREPROCESSOR_DEFINITIONS = (
					"FRONTEND=1",
					"UNSAFE_STAT_OK=1",
				);
				HEADER_SEARCH_PATHS = (
					"$(PROJECT_DIR)/src/include",
					"$(PROJECT_DIR)/openssl/iOS/include",
				);
				INFOPLIST_FILE = "$(SRCROOT)/libpq/libpq-iOS-Info.plist";
				INSTALL_PATH = "$(LOCAL_LIBRARY_DIR)/Frameworks";
				LD_RUNPATH_SEARCH_PATHS = "$(inherited) @executable_path/../Frameworks @loader_path/Frameworks";
				LIBRARY_SEARCH_PATHS = (
					"$(inherited)",
					"$(PROJECT_DIR)/libs/iOS",
				);
				"OTHER_LDFLAGS[sdk=iphoneos*]" = (
					"$(PROJECT_DIR)/openssl/iOS/lib/libssl.a",
					"$(PROJECT_DIR)/openssl/iOS/lib/libcrypto.a",
				);
				"OTHER_LDFLAGS[sdk=iphonesimulator*]" = (
					"$(PROJECT_DIR)/openssl/iOS-sim/lib/libssl.a",
					"$(PROJECT_DIR)/openssl/iOS-sim/lib/libcrypto.a",
				);
				PRODUCT_BUNDLE_IDENTIFIER = com.hankinsoft.sqlpro.libpq;
				PRODUCT_NAME = libpq;
				SDKROOT = iphoneos;
				SKIP_INSTALL = YES;
				SUPPORTS_MACCATALYST = NO;
			};
			name = Release;
		};
/* End XCBuildConfiguration section */

/* Begin XCConfigurationList section */
		727887392105FBC6000BB4CD /* Build configuration list for PBXNativeTarget "libpqTests" */ = {
			isa = XCConfigurationList;
			buildConfigurations = (
				727887372105FBC6000BB4CD /* Debug */,
				727887382105FBC6000BB4CD /* Release */,
			);
			defaultConfigurationIsVisible = 0;
			defaultConfigurationName = Release;
		};
		7282B5A21F4DB8C4007AA006 /* Build configuration list for PBXProject "libpq" */ = {
			isa = XCConfigurationList;
			buildConfigurations = (
				7282B5AE1F4DB8C4007AA006 /* Debug */,
				7282B5AF1F4DB8C4007AA006 /* Release */,
			);
			defaultConfigurationIsVisible = 0;
			defaultConfigurationName = Release;
		};
		7282B5B01F4DB8C4007AA006 /* Build configuration list for PBXNativeTarget "libpq-macos" */ = {
			isa = XCConfigurationList;
			buildConfigurations = (
				7282B5B11F4DB8C4007AA006 /* Debug */,
				7282B5B21F4DB8C4007AA006 /* Release */,
			);
			defaultConfigurationIsVisible = 0;
			defaultConfigurationName = Release;
		};
		7282B5B91F4DB8D5007AA006 /* Build configuration list for PBXNativeTarget "libpq-ios" */ = {
			isa = XCConfigurationList;
			buildConfigurations = (
				7282B5BA1F4DB8D5007AA006 /* Debug */,
				7282B5BB1F4DB8D5007AA006 /* Release */,
			);
			defaultConfigurationIsVisible = 0;
			defaultConfigurationName = Release;
		};
/* End XCConfigurationList section */
	};
	rootObject = 7282B59F1F4DB8C4007AA006 /* Project object */;
}
